// !$*UTF8*$!
{
	archiveVersion = 1;
	classes = {
	};
	objectVersion = 56;
	objects = {

/* Begin PBXBuildFile section */
		8396B95F2C1DBE36002F2B3F /* AppDelegate.swift in Sources */ = {isa = PBXBuildFile; fileRef = 8396B95E2C1DBE36002F2B3F /* AppDelegate.swift */; };
		8396B9632C1DBE36002F2B3F /* RecipeMainViewController.swift in Sources */ = {isa = PBXBuildFile; fileRef = 8396B9622C1DBE36002F2B3F /* RecipeMainViewController.swift */; };
		8396B9692C1DBE36002F2B3F /* CoreDataStorage.xcdatamodeld in Sources */ = {isa = PBXBuildFile; fileRef = 8396B9672C1DBE36002F2B3F /* CoreDataStorage.xcdatamodeld */; };
		8396B96B2C1DBE37002F2B3F /* Assets.xcassets in Resources */ = {isa = PBXBuildFile; fileRef = 8396B96A2C1DBE37002F2B3F /* Assets.xcassets */; };
		8396B96E2C1DBE37002F2B3F /* LaunchScreen.storyboard in Resources */ = {isa = PBXBuildFile; fileRef = 8396B96C2C1DBE37002F2B3F /* LaunchScreen.storyboard */; };
		8396B9792C1DBE37002F2B3F /* foodRecipeTests.swift in Sources */ = {isa = PBXBuildFile; fileRef = 8396B9782C1DBE37002F2B3F /* foodRecipeTests.swift */; };
		8396B9832C1DBE37002F2B3F /* foodRecipeUITests.swift in Sources */ = {isa = PBXBuildFile; fileRef = 8396B9822C1DBE37002F2B3F /* foodRecipeUITests.swift */; };
		8396B9852C1DBE37002F2B3F /* foodRecipeUITestsLaunchTests.swift in Sources */ = {isa = PBXBuildFile; fileRef = 8396B9842C1DBE37002F2B3F /* foodRecipeUITestsLaunchTests.swift */; };
		83C066D52C625272007C3A5F /* RecipeQueryHistory.swift in Sources */ = {isa = PBXBuildFile; fileRef = 83C066D42C625272007C3A5F /* RecipeQueryHistory.swift */; };
		83C066D82C6A3636007C3A5F /* RecipeListTableViewController.swift in Sources */ = {isa = PBXBuildFile; fileRef = 83C066D72C6A3636007C3A5F /* RecipeListTableViewController.swift */; };
		83C066DC2C6A3819007C3A5F /* RecipeListItemCell.swift in Sources */ = {isa = PBXBuildFile; fileRef = 83C066DB2C6A3819007C3A5F /* RecipeListItemCell.swift */; };
		83C066DE2C6A3864007C3A5F /* RecipeListItemViewModel.swift in Sources */ = {isa = PBXBuildFile; fileRef = 83C066DD2C6A3864007C3A5F /* RecipeListItemViewModel.swift */; };
		83C066E02C6E39EE007C3A5F /* Storyboard.storyboard in Resources */ = {isa = PBXBuildFile; fileRef = 83C066DF2C6E39EE007C3A5F /* Storyboard.storyboard */; };
		83C066E22C70E90C007C3A5F /* LoadingIndicator.swift in Sources */ = {isa = PBXBuildFile; fileRef = 83C066E12C70E90C007C3A5F /* LoadingIndicator.swift */; };
		83C066E42C736187007C3A5F /* RecipeItems.swift in Sources */ = {isa = PBXBuildFile; fileRef = 83C066E32C736187007C3A5F /* RecipeItems.swift */; };
		83C6596E2C2D7B28004227BE /* AppConfigurations.swift in Sources */ = {isa = PBXBuildFile; fileRef = 83C6596D2C2D7B28004227BE /* AppConfigurations.swift */; };
		83D30F102C32D7EC00F12D6B /* ErrorCollection.swift in Sources */ = {isa = PBXBuildFile; fileRef = 83D30F0F2C32D7EC00F12D6B /* ErrorCollection.swift */; };
		83D30F152C32DC9C00F12D6B /* FavoriteStorage.swift in Sources */ = {isa = PBXBuildFile; fileRef = 83D30F142C32DC9C00F12D6B /* FavoriteStorage.swift */; };
		83D30F192C32DD1A00F12D6B /* CoreDataFavoriteStorage.swift in Sources */ = {isa = PBXBuildFile; fileRef = 83D30F182C32DD1A00F12D6B /* CoreDataFavoriteStorage.swift */; };
		83D30F1B2C32DD3200F12D6B /* UserDefaultsFavoriteStorage.swift in Sources */ = {isa = PBXBuildFile; fileRef = 83D30F1A2C32DD3200F12D6B /* UserDefaultsFavoriteStorage.swift */; };
		83D30F1F2C32DE8100F12D6B /* RecipeQueryEntity+mapping.swift in Sources */ = {isa = PBXBuildFile; fileRef = 83D30F1E2C32DE8100F12D6B /* RecipeQueryEntity+mapping.swift */; };
		83D30F212C32DE9A00F12D6B /* FavoriteEntity+mapping.swift in Sources */ = {isa = PBXBuildFile; fileRef = 83D30F202C32DE9A00F12D6B /* FavoriteEntity+mapping.swift */; };
		83D30F232C32DEBB00F12D6B /* FavoriteUDS+mapping.swift in Sources */ = {isa = PBXBuildFile; fileRef = 83D30F222C32DEBB00F12D6B /* FavoriteUDS+mapping.swift */; };
		BC3A789D2C4E2A83005CF727 /* RecipeMainViewModel.swift in Sources */ = {isa = PBXBuildFile; fileRef = BC3A789C2C4E2A83005CF727 /* RecipeMainViewModel.swift */; };
		BC3A78A32C4E4606005CF727 /* RecipeListViewController.swift in Sources */ = {isa = PBXBuildFile; fileRef = BC3A78A22C4E4606005CF727 /* RecipeListViewController.swift */; };
		BC3A78A52C4E4636005CF727 /* RecipeListViewModel.swift in Sources */ = {isa = PBXBuildFile; fileRef = BC3A78A42C4E4636005CF727 /* RecipeListViewModel.swift */; };
		BC3A78AD2C4E4E3A005CF727 /* Observable.swift in Sources */ = {isa = PBXBuildFile; fileRef = BC3A78AC2C4E4E3A005CF727 /* Observable.swift */; };
		BC5911232C62F78100D656C3 /* RecipeQuriesListTableViewController.swift in Sources */ = {isa = PBXBuildFile; fileRef = BC5911222C62F78100D656C3 /* RecipeQuriesListTableViewController.swift */; };
		BC5911252C62F7B200D656C3 /* RecipeQuriesListItemCell.swift in Sources */ = {isa = PBXBuildFile; fileRef = BC5911242C62F7B200D656C3 /* RecipeQuriesListItemCell.swift */; };
		BC5911272C632EB500D656C3 /* RecipeQuriesListItemViewModel.swift in Sources */ = {isa = PBXBuildFile; fileRef = BC5911262C632EB500D656C3 /* RecipeQuriesListItemViewModel.swift */; };
		BC7792FF2CA0F65200C84C01 /* Double+adjust.swift in Sources */ = {isa = PBXBuildFile; fileRef = BC7792FE2CA0F65200C84C01 /* Double+adjust.swift */; };
		BC858A4F2C367D4E009B87CF /* StoryboardInstantiable.swift in Sources */ = {isa = PBXBuildFile; fileRef = BC858A4E2C367D4E009B87CF /* StoryboardInstantiable.swift */; };
		BC858A522C368DAE009B87CF /* AppFlowCoordinator.swift in Sources */ = {isa = PBXBuildFile; fileRef = BC858A512C368DAE009B87CF /* AppFlowCoordinator.swift */; };
		BC858A542C368FD9009B87CF /* RecipeSceneDIContainer.swift in Sources */ = {isa = PBXBuildFile; fileRef = BC858A532C368FD9009B87CF /* RecipeSceneDIContainer.swift */; };
		BC900CE12C58AB0E00DDE22D /* RecipeImageCache.swift in Sources */ = {isa = PBXBuildFile; fileRef = BC900CE02C58AB0E00DDE22D /* RecipeImageCache.swift */; };
		BC900CE42C58B9CD00DDE22D /* RecipeImageStorage.swift in Sources */ = {isa = PBXBuildFile; fileRef = BC900CE32C58B9CD00DDE22D /* RecipeImageStorage.swift */; };
		BC900CE62C58B9E400DDE22D /* CoreDataRecipeImageStorage.swift in Sources */ = {isa = PBXBuildFile; fileRef = BC900CE52C58B9E400DDE22D /* CoreDataRecipeImageStorage.swift */; };
		BC900CEC2C58D8BE00DDE22D /* RecipeImageEntity.swift in Sources */ = {isa = PBXBuildFile; fileRef = BC900CEB2C58D8BE00DDE22D /* RecipeImageEntity.swift */; };
		BC900CEE2C58E14A00DDE22D /* String+Extension.swift in Sources */ = {isa = PBXBuildFile; fileRef = BC900CED2C58E14A00DDE22D /* String+Extension.swift */; };
		BC900CF02C5B122800DDE22D /* HideTabBarBehavior.swift in Sources */ = {isa = PBXBuildFile; fileRef = BC900CEF2C5B122800DDE22D /* HideTabBarBehavior.swift */; };
		BC900CF22C5B12E100DDE22D /* ShowTabBarBehavior.swift in Sources */ = {isa = PBXBuildFile; fileRef = BC900CF12C5B12E100DDE22D /* ShowTabBarBehavior.swift */; };
		BC9783892C911F6200AA092A /* SnapKit in Frameworks */ = {isa = PBXBuildFile; productRef = BC9783882C911F6200AA092A /* SnapKit */; };
		BC9C657E2C88324800B44D75 /* CheckFavoriteUseCase.swift in Sources */ = {isa = PBXBuildFile; fileRef = BC9C657D2C88324800B44D75 /* CheckFavoriteUseCase.swift */; };
		BC9C65802C88475B00B44D75 /* ChangeFavoriteUseCase.swift in Sources */ = {isa = PBXBuildFile; fileRef = BC9C657F2C88475B00B44D75 /* ChangeFavoriteUseCase.swift */; };
		BC9C658B2C8A985F00B44D75 /* FavoriteRecipeListTableViewController.swift in Sources */ = {isa = PBXBuildFile; fileRef = BC9C658A2C8A985F00B44D75 /* FavoriteRecipeListTableViewController.swift */; };
		BC9C658E2C8A989300B44D75 /* FavoriteRecipeListItemCell.swift in Sources */ = {isa = PBXBuildFile; fileRef = BC9C658D2C8A989300B44D75 /* FavoriteRecipeListItemCell.swift */; };
		BC9C65922C8A990900B44D75 /* FavoriteRecipeListViewModel.swift in Sources */ = {isa = PBXBuildFile; fileRef = BC9C65912C8A990900B44D75 /* FavoriteRecipeListViewModel.swift */; };
		BCCBF8D72C92CA0E00A4052F /* UIStackView+setType.swift in Sources */ = {isa = PBXBuildFile; fileRef = BCCBF8D62C92CA0E00A4052F /* UIStackView+setType.swift */; };
		BCCF6DA42C520FF6008DC47A /* DefaultNavigationBarBehavior.swift in Sources */ = {isa = PBXBuildFile; fileRef = BCCF6DA32C520FF6008DC47A /* DefaultNavigationBarBehavior.swift */; };
		BCCF6DA82C5218B3008DC47A /* ItemsNavigationBarBehavior.swift in Sources */ = {isa = PBXBuildFile; fileRef = BCCF6DA72C5218B3008DC47A /* ItemsNavigationBarBehavior.swift */; };
		BCCF6DAA2C533750008DC47A /* CGSize+scaledSize.swift in Sources */ = {isa = PBXBuildFile; fileRef = BCCF6DA92C533750008DC47A /* CGSize+scaledSize.swift */; };
		BCD9752C2C2508400068B902 /* SearchRecipeUseCase.swift in Sources */ = {isa = PBXBuildFile; fileRef = BCD9752B2C2508400068B902 /* SearchRecipeUseCase.swift */; };
		BCD975312C2508B90068B902 /* RecipeRepository.swift in Sources */ = {isa = PBXBuildFile; fileRef = BCD975302C2508B90068B902 /* RecipeRepository.swift */; };
		BCD975332C250E5F0068B902 /* RecipeQueriesRopository.swift in Sources */ = {isa = PBXBuildFile; fileRef = BCD975322C250E5F0068B902 /* RecipeQueriesRopository.swift */; };
		BCD975352C250E7A0068B902 /* FavoriteRepository.swift in Sources */ = {isa = PBXBuildFile; fileRef = BCD975342C250E7A0068B902 /* FavoriteRepository.swift */; };
		BCD975372C2514C90068B902 /* RecipeImageRepository.swift in Sources */ = {isa = PBXBuildFile; fileRef = BCD975362C2514C90068B902 /* RecipeImageRepository.swift */; };
		BCD9753B2C2515BA0068B902 /* FetchRecentRecipeQuriesUseCase.swift in Sources */ = {isa = PBXBuildFile; fileRef = BCD9753A2C2515BA0068B902 /* FetchRecentRecipeQuriesUseCase.swift */; };
		BCD9753D2C2515D50068B902 /* RemoveRecentRecipeQuriesUseCase.swift in Sources */ = {isa = PBXBuildFile; fileRef = BCD9753C2C2515D50068B902 /* RemoveRecentRecipeQuriesUseCase.swift */; };
		BCD975452C251A1B0068B902 /* Recipe.swift in Sources */ = {isa = PBXBuildFile; fileRef = BCD975442C251A1B0068B902 /* Recipe.swift */; };
		BCD975482C251A5E0068B902 /* AppDIContainer.swift in Sources */ = {isa = PBXBuildFile; fileRef = BCD975472C251A5E0068B902 /* AppDIContainer.swift */; };
		BCD9754A2C251A9D0068B902 /* DefaultRecipeRepository.swift in Sources */ = {isa = PBXBuildFile; fileRef = BCD975492C251A9D0068B902 /* DefaultRecipeRepository.swift */; };
		BCD9754E2C251AEB0068B902 /* DefaultRecipeQueryRepository.swift in Sources */ = {isa = PBXBuildFile; fileRef = BCD9754D2C251AEB0068B902 /* DefaultRecipeQueryRepository.swift */; };
		BCD975502C251B040068B902 /* DefaultFavoriteRepository.swift in Sources */ = {isa = PBXBuildFile; fileRef = BCD9754F2C251B040068B902 /* DefaultFavoriteRepository.swift */; };
		BCD975522C251B260068B902 /* DefaultRecipeImageRepository.swift in Sources */ = {isa = PBXBuildFile; fileRef = BCD975512C251B260068B902 /* DefaultRecipeImageRepository.swift */; };
		BCD975542C251B650068B902 /* APIEndpoints.swift in Sources */ = {isa = PBXBuildFile; fileRef = BCD975532C251B650068B902 /* APIEndpoints.swift */; };
		BCD975572C251CB90068B902 /* RecipeSearchFlowCoordinator.swift in Sources */ = {isa = PBXBuildFile; fileRef = BCD975562C251CB90068B902 /* RecipeSearchFlowCoordinator.swift */; };
		BCD975632C2523520068B902 /* RecipeQuriesListViewController.swift in Sources */ = {isa = PBXBuildFile; fileRef = BCD975622C2523520068B902 /* RecipeQuriesListViewController.swift */; };
		BCD975672C2523840068B902 /* RecipeQuriesListViewModel.swift in Sources */ = {isa = PBXBuildFile; fileRef = BCD975662C2523840068B902 /* RecipeQuriesListViewModel.swift */; };
		BCD975692C2523AB0068B902 /* RecipeDetailViewController.swift in Sources */ = {isa = PBXBuildFile; fileRef = BCD975682C2523AB0068B902 /* RecipeDetailViewController.swift */; };
		BCD9756D2C2523C90068B902 /* RecipeDetailViewModel.swift in Sources */ = {isa = PBXBuildFile; fileRef = BCD9756C2C2523C90068B902 /* RecipeDetailViewModel.swift */; };
		BCD9756F2C2554800068B902 /* RecipeQuery.swift in Sources */ = {isa = PBXBuildFile; fileRef = BCD9756E2C2554800068B902 /* RecipeQuery.swift */; };
		BCD975712C25557F0068B902 /* RecipeFavorite.swift in Sources */ = {isa = PBXBuildFile; fileRef = BCD975702C25557F0068B902 /* RecipeFavorite.swift */; };
		BCD975742C25683F0068B902 /* Cancellable.swift in Sources */ = {isa = PBXBuildFile; fileRef = BCD975732C25683F0068B902 /* Cancellable.swift */; };
		BCE0D4C92C2938EF00D769DC /* RepositoryTask.swift in Sources */ = {isa = PBXBuildFile; fileRef = BCE0D4C82C2938EF00D769DC /* RepositoryTask.swift */; };
		BCE0D4CC2C29437B00D769DC /* CoreDataStorage.swift in Sources */ = {isa = PBXBuildFile; fileRef = BCE0D4CB2C29437B00D769DC /* CoreDataStorage.swift */; };
		BCE0D4CF2C2943E100D769DC /* RecipeQueryStorage.swift in Sources */ = {isa = PBXBuildFile; fileRef = BCE0D4CE2C2943E100D769DC /* RecipeQueryStorage.swift */; };
		BCE0D4D12C2943F200D769DC /* CoreDataRecipeQueryStorage.swift in Sources */ = {isa = PBXBuildFile; fileRef = BCE0D4D02C2943F200D769DC /* CoreDataRecipeQueryStorage.swift */; };
		BCE0D4D42C294F1900D769DC /* RecipeRequestDTO+Mapping.swift in Sources */ = {isa = PBXBuildFile; fileRef = BCE0D4D32C294F1900D769DC /* RecipeRequestDTO+Mapping.swift */; };
		BCE0D4D62C294F2E00D769DC /* RecipeResponseDTO+Mapping.swift in Sources */ = {isa = PBXBuildFile; fileRef = BCE0D4D52C294F2E00D769DC /* RecipeResponseDTO+Mapping.swift */; };
		BCF6BE952C4F42C400F0B61A /* RecipeMainView.swift in Sources */ = {isa = PBXBuildFile; fileRef = BCF6BE942C4F42C400F0B61A /* RecipeMainView.swift */; };
		BCF6BE992C4F451F00F0B61A /* UIViewController+navBarSettings.swift in Sources */ = {isa = PBXBuildFile; fileRef = BCF6BE982C4F451F00F0B61A /* UIViewController+navBarSettings.swift */; };
		BCF6BE9B2C4F453100F0B61A /* CALayer+addBorder.swift in Sources */ = {isa = PBXBuildFile; fileRef = BCF6BE9A2C4F453100F0B61A /* CALayer+addBorder.swift */; };
		BCF6BE9D2C4F454E00F0B61A /* UIColor+init.swift in Sources */ = {isa = PBXBuildFile; fileRef = BCF6BE9C2C4F454E00F0B61A /* UIColor+init.swift */; };
		BCF6BEA02C4F457200F0B61A /* HorizontalFolderView.swift in Sources */ = {isa = PBXBuildFile; fileRef = BCF6BE9F2C4F457200F0B61A /* HorizontalFolderView.swift */; };
		BCF6BEA32C4F476F00F0B61A /* RecipeMainCollectionViewController.swift in Sources */ = {isa = PBXBuildFile; fileRef = BCF6BEA22C4F476F00F0B61A /* RecipeMainCollectionViewController.swift */; };
		BCF6BEA62C4F47AD00F0B61A /* RecipeMainItemCell.swift in Sources */ = {isa = PBXBuildFile; fileRef = BCF6BEA52C4F47AD00F0B61A /* RecipeMainItemCell.swift */; };
		BCF6BEA82C4F4F3700F0B61A /* RecipeMainItemViewModel.swift in Sources */ = {isa = PBXBuildFile; fileRef = BCF6BEA72C4F4F3700F0B61A /* RecipeMainItemViewModel.swift */; };
		BCF6BEAB2C51D44100F0B61A /* UIViewController+addBehaviors.swift in Sources */ = {isa = PBXBuildFile; fileRef = BCF6BEAA2C51D44100F0B61A /* UIViewController+addBehaviors.swift */; };
		BCF6BEAD2C51E71C00F0B61A /* FavoriteRecipeFlowCoordinator.swift in Sources */ = {isa = PBXBuildFile; fileRef = BCF6BEAC2C51E71C00F0B61A /* FavoriteRecipeFlowCoordinator.swift */; };
		BCF6BEB22C51E81900F0B61A /* FavoriteRecipeListViewController.swift in Sources */ = {isa = PBXBuildFile; fileRef = BCF6BEB12C51E81900F0B61A /* FavoriteRecipeListViewController.swift */; };
		BCF6BEB42C51F03F00F0B61A /* CustomTabBarController.swift in Sources */ = {isa = PBXBuildFile; fileRef = BCF6BEB32C51F03F00F0B61A /* CustomTabBarController.swift */; };
/* End PBXBuildFile section */

/* Begin PBXContainerItemProxy section */
		8396B9752C1DBE37002F2B3F /* PBXContainerItemProxy */ = {
			isa = PBXContainerItemProxy;
			containerPortal = 8396B9532C1DBE36002F2B3F /* Project object */;
			proxyType = 1;
			remoteGlobalIDString = 8396B95A2C1DBE36002F2B3F;
			remoteInfo = foodRecipe;
		};
		8396B97F2C1DBE37002F2B3F /* PBXContainerItemProxy */ = {
			isa = PBXContainerItemProxy;
			containerPortal = 8396B9532C1DBE36002F2B3F /* Project object */;
			proxyType = 1;
			remoteGlobalIDString = 8396B95A2C1DBE36002F2B3F;
			remoteInfo = foodRecipe;
		};
/* End PBXContainerItemProxy section */

/* Begin PBXFileReference section */
		8396B95B2C1DBE36002F2B3F /* foodRecipe.app */ = {isa = PBXFileReference; explicitFileType = wrapper.application; includeInIndex = 0; path = foodRecipe.app; sourceTree = BUILT_PRODUCTS_DIR; };
		8396B95E2C1DBE36002F2B3F /* AppDelegate.swift */ = {isa = PBXFileReference; lastKnownFileType = sourcecode.swift; path = AppDelegate.swift; sourceTree = "<group>"; };
		8396B9622C1DBE36002F2B3F /* RecipeMainViewController.swift */ = {isa = PBXFileReference; lastKnownFileType = sourcecode.swift; path = RecipeMainViewController.swift; sourceTree = "<group>"; };
		8396B9682C1DBE36002F2B3F /* foodRecipe.xcdatamodel */ = {isa = PBXFileReference; lastKnownFileType = wrapper.xcdatamodel; path = foodRecipe.xcdatamodel; sourceTree = "<group>"; };
		8396B96A2C1DBE37002F2B3F /* Assets.xcassets */ = {isa = PBXFileReference; lastKnownFileType = folder.assetcatalog; path = Assets.xcassets; sourceTree = "<group>"; };
		8396B96D2C1DBE37002F2B3F /* Base */ = {isa = PBXFileReference; lastKnownFileType = file.storyboard; name = Base; path = Base.lproj/LaunchScreen.storyboard; sourceTree = "<group>"; };
		8396B96F2C1DBE37002F2B3F /* Info.plist */ = {isa = PBXFileReference; lastKnownFileType = text.plist.xml; path = Info.plist; sourceTree = "<group>"; };
		8396B9742C1DBE37002F2B3F /* foodRecipeTests.xctest */ = {isa = PBXFileReference; explicitFileType = wrapper.cfbundle; includeInIndex = 0; path = foodRecipeTests.xctest; sourceTree = BUILT_PRODUCTS_DIR; };
		8396B9782C1DBE37002F2B3F /* foodRecipeTests.swift */ = {isa = PBXFileReference; lastKnownFileType = sourcecode.swift; path = foodRecipeTests.swift; sourceTree = "<group>"; };
		8396B97E2C1DBE37002F2B3F /* foodRecipeUITests.xctest */ = {isa = PBXFileReference; explicitFileType = wrapper.cfbundle; includeInIndex = 0; path = foodRecipeUITests.xctest; sourceTree = BUILT_PRODUCTS_DIR; };
		8396B9822C1DBE37002F2B3F /* foodRecipeUITests.swift */ = {isa = PBXFileReference; lastKnownFileType = sourcecode.swift; path = foodRecipeUITests.swift; sourceTree = "<group>"; };
		8396B9842C1DBE37002F2B3F /* foodRecipeUITestsLaunchTests.swift */ = {isa = PBXFileReference; lastKnownFileType = sourcecode.swift; path = foodRecipeUITestsLaunchTests.swift; sourceTree = "<group>"; };
		83C066D42C625272007C3A5F /* RecipeQueryHistory.swift */ = {isa = PBXFileReference; lastKnownFileType = sourcecode.swift; path = RecipeQueryHistory.swift; sourceTree = "<group>"; };
		83C066D72C6A3636007C3A5F /* RecipeListTableViewController.swift */ = {isa = PBXFileReference; lastKnownFileType = sourcecode.swift; path = RecipeListTableViewController.swift; sourceTree = "<group>"; };
		83C066DB2C6A3819007C3A5F /* RecipeListItemCell.swift */ = {isa = PBXFileReference; lastKnownFileType = sourcecode.swift; path = RecipeListItemCell.swift; sourceTree = "<group>"; };
		83C066DD2C6A3864007C3A5F /* RecipeListItemViewModel.swift */ = {isa = PBXFileReference; lastKnownFileType = sourcecode.swift; path = RecipeListItemViewModel.swift; sourceTree = "<group>"; };
		83C066DF2C6E39EE007C3A5F /* Storyboard.storyboard */ = {isa = PBXFileReference; lastKnownFileType = file.storyboard; path = Storyboard.storyboard; sourceTree = "<group>"; };
		83C066E12C70E90C007C3A5F /* LoadingIndicator.swift */ = {isa = PBXFileReference; lastKnownFileType = sourcecode.swift; path = LoadingIndicator.swift; sourceTree = "<group>"; };
		83C066E32C736187007C3A5F /* RecipeItems.swift */ = {isa = PBXFileReference; lastKnownFileType = sourcecode.swift; path = RecipeItems.swift; sourceTree = "<group>"; };
		83C6596D2C2D7B28004227BE /* AppConfigurations.swift */ = {isa = PBXFileReference; lastKnownFileType = sourcecode.swift; path = AppConfigurations.swift; sourceTree = "<group>"; };
		83D30F0F2C32D7EC00F12D6B /* ErrorCollection.swift */ = {isa = PBXFileReference; lastKnownFileType = sourcecode.swift; path = ErrorCollection.swift; sourceTree = "<group>"; };
		83D30F142C32DC9C00F12D6B /* FavoriteStorage.swift */ = {isa = PBXFileReference; lastKnownFileType = sourcecode.swift; path = FavoriteStorage.swift; sourceTree = "<group>"; };
		83D30F182C32DD1A00F12D6B /* CoreDataFavoriteStorage.swift */ = {isa = PBXFileReference; lastKnownFileType = sourcecode.swift; path = CoreDataFavoriteStorage.swift; sourceTree = "<group>"; };
		83D30F1A2C32DD3200F12D6B /* UserDefaultsFavoriteStorage.swift */ = {isa = PBXFileReference; lastKnownFileType = sourcecode.swift; path = UserDefaultsFavoriteStorage.swift; sourceTree = "<group>"; };
		83D30F1E2C32DE8100F12D6B /* RecipeQueryEntity+mapping.swift */ = {isa = PBXFileReference; lastKnownFileType = sourcecode.swift; path = "RecipeQueryEntity+mapping.swift"; sourceTree = "<group>"; };
		83D30F202C32DE9A00F12D6B /* FavoriteEntity+mapping.swift */ = {isa = PBXFileReference; lastKnownFileType = sourcecode.swift; path = "FavoriteEntity+mapping.swift"; sourceTree = "<group>"; };
		83D30F222C32DEBB00F12D6B /* FavoriteUDS+mapping.swift */ = {isa = PBXFileReference; lastKnownFileType = sourcecode.swift; path = "FavoriteUDS+mapping.swift"; sourceTree = "<group>"; };
		BC3A789C2C4E2A83005CF727 /* RecipeMainViewModel.swift */ = {isa = PBXFileReference; lastKnownFileType = sourcecode.swift; path = RecipeMainViewModel.swift; sourceTree = "<group>"; };
		BC3A78A22C4E4606005CF727 /* RecipeListViewController.swift */ = {isa = PBXFileReference; lastKnownFileType = sourcecode.swift; path = RecipeListViewController.swift; sourceTree = "<group>"; };
		BC3A78A42C4E4636005CF727 /* RecipeListViewModel.swift */ = {isa = PBXFileReference; lastKnownFileType = sourcecode.swift; path = RecipeListViewModel.swift; sourceTree = "<group>"; };
		BC3A78AC2C4E4E3A005CF727 /* Observable.swift */ = {isa = PBXFileReference; lastKnownFileType = sourcecode.swift; path = Observable.swift; sourceTree = "<group>"; };
		BC5911222C62F78100D656C3 /* RecipeQuriesListTableViewController.swift */ = {isa = PBXFileReference; lastKnownFileType = sourcecode.swift; path = RecipeQuriesListTableViewController.swift; sourceTree = "<group>"; };
		BC5911242C62F7B200D656C3 /* RecipeQuriesListItemCell.swift */ = {isa = PBXFileReference; lastKnownFileType = sourcecode.swift; path = RecipeQuriesListItemCell.swift; sourceTree = "<group>"; };
		BC5911262C632EB500D656C3 /* RecipeQuriesListItemViewModel.swift */ = {isa = PBXFileReference; lastKnownFileType = sourcecode.swift; path = RecipeQuriesListItemViewModel.swift; sourceTree = "<group>"; };
		BC7792FE2CA0F65200C84C01 /* Double+adjust.swift */ = {isa = PBXFileReference; lastKnownFileType = sourcecode.swift; path = "Double+adjust.swift"; sourceTree = "<group>"; };
		BC858A4E2C367D4E009B87CF /* StoryboardInstantiable.swift */ = {isa = PBXFileReference; lastKnownFileType = sourcecode.swift; path = StoryboardInstantiable.swift; sourceTree = "<group>"; };
		BC858A512C368DAE009B87CF /* AppFlowCoordinator.swift */ = {isa = PBXFileReference; lastKnownFileType = sourcecode.swift; path = AppFlowCoordinator.swift; sourceTree = "<group>"; };
		BC858A532C368FD9009B87CF /* RecipeSceneDIContainer.swift */ = {isa = PBXFileReference; lastKnownFileType = sourcecode.swift; path = RecipeSceneDIContainer.swift; sourceTree = "<group>"; };
		BC900CE02C58AB0E00DDE22D /* RecipeImageCache.swift */ = {isa = PBXFileReference; lastKnownFileType = sourcecode.swift; path = RecipeImageCache.swift; sourceTree = "<group>"; };
		BC900CE32C58B9CD00DDE22D /* RecipeImageStorage.swift */ = {isa = PBXFileReference; lastKnownFileType = sourcecode.swift; path = RecipeImageStorage.swift; sourceTree = "<group>"; };
		BC900CE52C58B9E400DDE22D /* CoreDataRecipeImageStorage.swift */ = {isa = PBXFileReference; lastKnownFileType = sourcecode.swift; path = CoreDataRecipeImageStorage.swift; sourceTree = "<group>"; };
		BC900CEB2C58D8BE00DDE22D /* RecipeImageEntity.swift */ = {isa = PBXFileReference; lastKnownFileType = sourcecode.swift; path = RecipeImageEntity.swift; sourceTree = "<group>"; };
		BC900CED2C58E14A00DDE22D /* String+Extension.swift */ = {isa = PBXFileReference; lastKnownFileType = sourcecode.swift; path = "String+Extension.swift"; sourceTree = "<group>"; };
		BC900CEF2C5B122800DDE22D /* HideTabBarBehavior.swift */ = {isa = PBXFileReference; lastKnownFileType = sourcecode.swift; path = HideTabBarBehavior.swift; sourceTree = "<group>"; };
		BC900CF12C5B12E100DDE22D /* ShowTabBarBehavior.swift */ = {isa = PBXFileReference; lastKnownFileType = sourcecode.swift; path = ShowTabBarBehavior.swift; sourceTree = "<group>"; };
		BC9C657D2C88324800B44D75 /* CheckFavoriteUseCase.swift */ = {isa = PBXFileReference; lastKnownFileType = sourcecode.swift; path = CheckFavoriteUseCase.swift; sourceTree = "<group>"; };
		BC9C657F2C88475B00B44D75 /* ChangeFavoriteUseCase.swift */ = {isa = PBXFileReference; lastKnownFileType = sourcecode.swift; path = ChangeFavoriteUseCase.swift; sourceTree = "<group>"; };
		BC9C658A2C8A985F00B44D75 /* FavoriteRecipeListTableViewController.swift */ = {isa = PBXFileReference; lastKnownFileType = sourcecode.swift; path = FavoriteRecipeListTableViewController.swift; sourceTree = "<group>"; };
		BC9C658D2C8A989300B44D75 /* FavoriteRecipeListItemCell.swift */ = {isa = PBXFileReference; lastKnownFileType = sourcecode.swift; path = FavoriteRecipeListItemCell.swift; sourceTree = "<group>"; };
		BC9C65912C8A990900B44D75 /* FavoriteRecipeListViewModel.swift */ = {isa = PBXFileReference; lastKnownFileType = sourcecode.swift; path = FavoriteRecipeListViewModel.swift; sourceTree = "<group>"; };
		BCCBF8D62C92CA0E00A4052F /* UIStackView+setType.swift */ = {isa = PBXFileReference; lastKnownFileType = sourcecode.swift; path = "UIStackView+setType.swift"; sourceTree = "<group>"; };
		BCCF6DA32C520FF6008DC47A /* DefaultNavigationBarBehavior.swift */ = {isa = PBXFileReference; lastKnownFileType = sourcecode.swift; path = DefaultNavigationBarBehavior.swift; sourceTree = "<group>"; };
		BCCF6DA72C5218B3008DC47A /* ItemsNavigationBarBehavior.swift */ = {isa = PBXFileReference; lastKnownFileType = sourcecode.swift; path = ItemsNavigationBarBehavior.swift; sourceTree = "<group>"; };
		BCCF6DA92C533750008DC47A /* CGSize+scaledSize.swift */ = {isa = PBXFileReference; lastKnownFileType = sourcecode.swift; path = "CGSize+scaledSize.swift"; sourceTree = "<group>"; };
		BCD9752B2C2508400068B902 /* SearchRecipeUseCase.swift */ = {isa = PBXFileReference; lastKnownFileType = sourcecode.swift; path = SearchRecipeUseCase.swift; sourceTree = "<group>"; };
		BCD975302C2508B90068B902 /* RecipeRepository.swift */ = {isa = PBXFileReference; lastKnownFileType = sourcecode.swift; name = RecipeRepository.swift; path = foodRecipe/Domain/Interface/Repositories/RecipeRepository.swift; sourceTree = SOURCE_ROOT; };
		BCD975322C250E5F0068B902 /* RecipeQueriesRopository.swift */ = {isa = PBXFileReference; lastKnownFileType = sourcecode.swift; name = RecipeQueriesRopository.swift; path = foodRecipe/Domain/Interface/Repositories/RecipeQueriesRopository.swift; sourceTree = SOURCE_ROOT; };
		BCD975342C250E7A0068B902 /* FavoriteRepository.swift */ = {isa = PBXFileReference; lastKnownFileType = sourcecode.swift; name = FavoriteRepository.swift; path = foodRecipe/Domain/Interface/Repositories/FavoriteRepository.swift; sourceTree = SOURCE_ROOT; };
		BCD975362C2514C90068B902 /* RecipeImageRepository.swift */ = {isa = PBXFileReference; lastKnownFileType = sourcecode.swift; name = RecipeImageRepository.swift; path = foodRecipe/Domain/Interface/Repositories/RecipeImageRepository.swift; sourceTree = SOURCE_ROOT; };
		BCD9753A2C2515BA0068B902 /* FetchRecentRecipeQuriesUseCase.swift */ = {isa = PBXFileReference; lastKnownFileType = sourcecode.swift; path = FetchRecentRecipeQuriesUseCase.swift; sourceTree = "<group>"; };
		BCD9753C2C2515D50068B902 /* RemoveRecentRecipeQuriesUseCase.swift */ = {isa = PBXFileReference; lastKnownFileType = sourcecode.swift; path = RemoveRecentRecipeQuriesUseCase.swift; sourceTree = "<group>"; };
		BCD975442C251A1B0068B902 /* Recipe.swift */ = {isa = PBXFileReference; lastKnownFileType = sourcecode.swift; name = Recipe.swift; path = foodRecipe/Domain/Entities/Recipe.swift; sourceTree = SOURCE_ROOT; };
		BCD975472C251A5E0068B902 /* AppDIContainer.swift */ = {isa = PBXFileReference; lastKnownFileType = sourcecode.swift; path = AppDIContainer.swift; sourceTree = "<group>"; };
		BCD975492C251A9D0068B902 /* DefaultRecipeRepository.swift */ = {isa = PBXFileReference; lastKnownFileType = sourcecode.swift; name = DefaultRecipeRepository.swift; path = foodRecipe/Data/Repository/DefaultRecipeRepository.swift; sourceTree = SOURCE_ROOT; };
		BCD9754D2C251AEB0068B902 /* DefaultRecipeQueryRepository.swift */ = {isa = PBXFileReference; lastKnownFileType = sourcecode.swift; path = DefaultRecipeQueryRepository.swift; sourceTree = "<group>"; };
		BCD9754F2C251B040068B902 /* DefaultFavoriteRepository.swift */ = {isa = PBXFileReference; lastKnownFileType = sourcecode.swift; path = DefaultFavoriteRepository.swift; sourceTree = "<group>"; };
		BCD975512C251B260068B902 /* DefaultRecipeImageRepository.swift */ = {isa = PBXFileReference; lastKnownFileType = sourcecode.swift; path = DefaultRecipeImageRepository.swift; sourceTree = "<group>"; };
		BCD975532C251B650068B902 /* APIEndpoints.swift */ = {isa = PBXFileReference; lastKnownFileType = sourcecode.swift; path = APIEndpoints.swift; sourceTree = "<group>"; };
		BCD975562C251CB90068B902 /* RecipeSearchFlowCoordinator.swift */ = {isa = PBXFileReference; lastKnownFileType = sourcecode.swift; name = RecipeSearchFlowCoordinator.swift; path = foodRecipe/Presentation/RecipeScene/Flow/RecipeSearchFlowCoordinator.swift; sourceTree = SOURCE_ROOT; };
		BCD975622C2523520068B902 /* RecipeQuriesListViewController.swift */ = {isa = PBXFileReference; lastKnownFileType = sourcecode.swift; path = RecipeQuriesListViewController.swift; sourceTree = "<group>"; };
		BCD975662C2523840068B902 /* RecipeQuriesListViewModel.swift */ = {isa = PBXFileReference; lastKnownFileType = sourcecode.swift; path = RecipeQuriesListViewModel.swift; sourceTree = "<group>"; };
		BCD975682C2523AB0068B902 /* RecipeDetailViewController.swift */ = {isa = PBXFileReference; lastKnownFileType = sourcecode.swift; path = RecipeDetailViewController.swift; sourceTree = "<group>"; };
		BCD9756C2C2523C90068B902 /* RecipeDetailViewModel.swift */ = {isa = PBXFileReference; lastKnownFileType = sourcecode.swift; path = RecipeDetailViewModel.swift; sourceTree = "<group>"; };
		BCD9756E2C2554800068B902 /* RecipeQuery.swift */ = {isa = PBXFileReference; lastKnownFileType = sourcecode.swift; name = RecipeQuery.swift; path = foodRecipe/Domain/Entities/RecipeQuery.swift; sourceTree = SOURCE_ROOT; };
		BCD975702C25557F0068B902 /* RecipeFavorite.swift */ = {isa = PBXFileReference; lastKnownFileType = sourcecode.swift; name = RecipeFavorite.swift; path = foodRecipe/Domain/Entities/RecipeFavorite.swift; sourceTree = SOURCE_ROOT; };
		BCD975732C25683F0068B902 /* Cancellable.swift */ = {isa = PBXFileReference; lastKnownFileType = sourcecode.swift; path = Cancellable.swift; sourceTree = "<group>"; };
		BCE0D4C82C2938EF00D769DC /* RepositoryTask.swift */ = {isa = PBXFileReference; lastKnownFileType = sourcecode.swift; path = RepositoryTask.swift; sourceTree = "<group>"; };
		BCE0D4CB2C29437B00D769DC /* CoreDataStorage.swift */ = {isa = PBXFileReference; lastKnownFileType = sourcecode.swift; path = CoreDataStorage.swift; sourceTree = "<group>"; };
		BCE0D4CE2C2943E100D769DC /* RecipeQueryStorage.swift */ = {isa = PBXFileReference; lastKnownFileType = sourcecode.swift; path = RecipeQueryStorage.swift; sourceTree = "<group>"; };
		BCE0D4D02C2943F200D769DC /* CoreDataRecipeQueryStorage.swift */ = {isa = PBXFileReference; lastKnownFileType = sourcecode.swift; path = CoreDataRecipeQueryStorage.swift; sourceTree = "<group>"; };
		BCE0D4D32C294F1900D769DC /* RecipeRequestDTO+Mapping.swift */ = {isa = PBXFileReference; lastKnownFileType = sourcecode.swift; path = "RecipeRequestDTO+Mapping.swift"; sourceTree = "<group>"; };
		BCE0D4D52C294F2E00D769DC /* RecipeResponseDTO+Mapping.swift */ = {isa = PBXFileReference; lastKnownFileType = sourcecode.swift; path = "RecipeResponseDTO+Mapping.swift"; sourceTree = "<group>"; };
		BCF6BE942C4F42C400F0B61A /* RecipeMainView.swift */ = {isa = PBXFileReference; lastKnownFileType = sourcecode.swift; path = RecipeMainView.swift; sourceTree = "<group>"; };
		BCF6BE982C4F451F00F0B61A /* UIViewController+navBarSettings.swift */ = {isa = PBXFileReference; lastKnownFileType = sourcecode.swift; path = "UIViewController+navBarSettings.swift"; sourceTree = "<group>"; };
		BCF6BE9A2C4F453100F0B61A /* CALayer+addBorder.swift */ = {isa = PBXFileReference; lastKnownFileType = sourcecode.swift; path = "CALayer+addBorder.swift"; sourceTree = "<group>"; };
		BCF6BE9C2C4F454E00F0B61A /* UIColor+init.swift */ = {isa = PBXFileReference; lastKnownFileType = sourcecode.swift; path = "UIColor+init.swift"; sourceTree = "<group>"; };
		BCF6BE9F2C4F457200F0B61A /* HorizontalFolderView.swift */ = {isa = PBXFileReference; lastKnownFileType = sourcecode.swift; path = HorizontalFolderView.swift; sourceTree = "<group>"; };
		BCF6BEA22C4F476F00F0B61A /* RecipeMainCollectionViewController.swift */ = {isa = PBXFileReference; lastKnownFileType = sourcecode.swift; path = RecipeMainCollectionViewController.swift; sourceTree = "<group>"; };
		BCF6BEA52C4F47AD00F0B61A /* RecipeMainItemCell.swift */ = {isa = PBXFileReference; lastKnownFileType = sourcecode.swift; path = RecipeMainItemCell.swift; sourceTree = "<group>"; };
		BCF6BEA72C4F4F3700F0B61A /* RecipeMainItemViewModel.swift */ = {isa = PBXFileReference; lastKnownFileType = sourcecode.swift; path = RecipeMainItemViewModel.swift; sourceTree = "<group>"; };
		BCF6BEAA2C51D44100F0B61A /* UIViewController+addBehaviors.swift */ = {isa = PBXFileReference; lastKnownFileType = sourcecode.swift; path = "UIViewController+addBehaviors.swift"; sourceTree = "<group>"; };
		BCF6BEAC2C51E71C00F0B61A /* FavoriteRecipeFlowCoordinator.swift */ = {isa = PBXFileReference; lastKnownFileType = sourcecode.swift; path = FavoriteRecipeFlowCoordinator.swift; sourceTree = "<group>"; };
		BCF6BEB12C51E81900F0B61A /* FavoriteRecipeListViewController.swift */ = {isa = PBXFileReference; lastKnownFileType = sourcecode.swift; path = FavoriteRecipeListViewController.swift; sourceTree = "<group>"; };
		BCF6BEB32C51F03F00F0B61A /* CustomTabBarController.swift */ = {isa = PBXFileReference; lastKnownFileType = sourcecode.swift; path = CustomTabBarController.swift; sourceTree = "<group>"; };
/* End PBXFileReference section */

/* Begin PBXFrameworksBuildPhase section */
		8396B9582C1DBE36002F2B3F /* Frameworks */ = {
			isa = PBXFrameworksBuildPhase;
			buildActionMask = 2147483647;
			files = (
				BC9783892C911F6200AA092A /* SnapKit in Frameworks */,
			);
			runOnlyForDeploymentPostprocessing = 0;
		};
		8396B9712C1DBE37002F2B3F /* Frameworks */ = {
			isa = PBXFrameworksBuildPhase;
			buildActionMask = 2147483647;
			files = (
			);
			runOnlyForDeploymentPostprocessing = 0;
		};
		8396B97B2C1DBE37002F2B3F /* Frameworks */ = {
			isa = PBXFrameworksBuildPhase;
			buildActionMask = 2147483647;
			files = (
			);
			runOnlyForDeploymentPostprocessing = 0;
		};
/* End PBXFrameworksBuildPhase section */

/* Begin PBXGroup section */
		8332075D2C2302510079A8AE /* Application */ = {
			isa = PBXGroup;
			children = (
				8396B95E2C1DBE36002F2B3F /* AppDelegate.swift */,
				83C6596D2C2D7B28004227BE /* AppConfigurations.swift */,
				BC858A512C368DAE009B87CF /* AppFlowCoordinator.swift */,
				BCD975462C251A2E0068B902 /* DIContainer */,
			);
			path = Application;
			sourceTree = "<group>";
		};
		8332075E2C23026A0079A8AE /* Presentation */ = {
			isa = PBXGroup;
			children = (
				833207642C2304310079A8AE /* RecipeScene */,
				BC858A4C2C367D21009B87CF /* Utils */,
			);
			path = Presentation;
			sourceTree = "<group>";
		};
		833207602C2302870079A8AE /* Data */ = {
			isa = PBXGroup;
			children = (
				BCD9754B2C251AA60068B902 /* Repository */,
				BCD9754C2C251AAE0068B902 /* Netrork */,
				833207782C23093F0079A8AE /* PersistentStorage */,
				BC900CDF2C58AAE600DDE22D /* Cache */,
			);
			path = Data;
			sourceTree = "<group>";
		};
		833207612C2302BE0079A8AE /* Resources */ = {
			isa = PBXGroup;
			children = (
				83C066E32C736187007C3A5F /* RecipeItems.swift */,
				8396B96A2C1DBE37002F2B3F /* Assets.xcassets */,
				8396B96C2C1DBE37002F2B3F /* LaunchScreen.storyboard */,
				8396B96F2C1DBE37002F2B3F /* Info.plist */,
			);
			path = Resources;
			sourceTree = "<group>";
		};
		833207642C2304310079A8AE /* RecipeScene */ = {
			isa = PBXGroup;
			children = (
				BCE0D4C02C292DEE00D769DC /* Flow */,
				833207682C2304930079A8AE /* RecipeMain */,
				BCD9755D2C251D9F0068B902 /* RecipeQuriesList */,
				BC3A789F2C4E457B005CF727 /* RecipeList */,
				BCD9755B2C251D470068B902 /* RecipeDetail */,
				BCF6BEAE2C51E7D200F0B61A /* FavoriteRecipeList */,
				BCF6BEA92C51D31900F0B61A /* Behaviors */,
			);
			path = RecipeScene;
			sourceTree = "<group>";
		};
		833207662C23047A0079A8AE /* View */ = {
			isa = PBXGroup;
			children = (
				8396B9622C1DBE36002F2B3F /* RecipeMainViewController.swift */,
				BCF6BE942C4F42C400F0B61A /* RecipeMainView.swift */,
				BCF6BEA12C4F470500F0B61A /* RecipeMainCollectionView */,
			);
			path = View;
			sourceTree = "<group>";
		};
		833207682C2304930079A8AE /* RecipeMain */ = {
			isa = PBXGroup;
			children = (
				833207662C23047A0079A8AE /* View */,
				BC858A502C368C6E009B87CF /* ViewModel */,
			);
			path = RecipeMain;
			sourceTree = "<group>";
		};
		833207782C23093F0079A8AE /* PersistentStorage */ = {
			isa = PBXGroup;
			children = (
				BCE0D4CD2C2943A800D769DC /* RecipeQueryStorage */,
				BC900CE22C58B99E00DDE22D /* RecipeImageStorage */,
				83D30F112C32DB4A00F12D6B /* FavoriteStorage */,
				BCE0D4CA2C29435100D769DC /* CoreDataStorage */,
			);
			path = PersistentStorage;
			sourceTree = "<group>";
		};
		8396B9522C1DBE36002F2B3F = {
			isa = PBXGroup;
			children = (
				8396B95D2C1DBE36002F2B3F /* foodRecipe */,
				8396B9772C1DBE37002F2B3F /* foodRecipeTests */,
				8396B9812C1DBE37002F2B3F /* foodRecipeUITests */,
				8396B95C2C1DBE36002F2B3F /* Products */,
				BC9783842C911EF800AA092A /* Frameworks */,
			);
			sourceTree = "<group>";
		};
		8396B95C2C1DBE36002F2B3F /* Products */ = {
			isa = PBXGroup;
			children = (
				8396B95B2C1DBE36002F2B3F /* foodRecipe.app */,
				8396B9742C1DBE37002F2B3F /* foodRecipeTests.xctest */,
				8396B97E2C1DBE37002F2B3F /* foodRecipeUITests.xctest */,
			);
			name = Products;
			sourceTree = "<group>";
		};
		8396B95D2C1DBE36002F2B3F /* foodRecipe */ = {
			isa = PBXGroup;
			children = (
				8332075D2C2302510079A8AE /* Application */,
				8332075E2C23026A0079A8AE /* Presentation */,
				BCD975272C25079C0068B902 /* Domain */,
				833207602C2302870079A8AE /* Data */,
				BCD975722C2568250068B902 /* Common */,
				833207612C2302BE0079A8AE /* Resources */,
			);
			path = foodRecipe;
			sourceTree = "<group>";
		};
		8396B9772C1DBE37002F2B3F /* foodRecipeTests */ = {
			isa = PBXGroup;
			children = (
				8396B9782C1DBE37002F2B3F /* foodRecipeTests.swift */,
			);
			path = foodRecipeTests;
			sourceTree = "<group>";
		};
		8396B9812C1DBE37002F2B3F /* foodRecipeUITests */ = {
			isa = PBXGroup;
			children = (
				8396B9822C1DBE37002F2B3F /* foodRecipeUITests.swift */,
				8396B9842C1DBE37002F2B3F /* foodRecipeUITestsLaunchTests.swift */,
			);
			path = foodRecipeUITests;
			sourceTree = "<group>";
		};
		83C066D62C6A35EA007C3A5F /* RecipeListTableViewController */ = {
			isa = PBXGroup;
			children = (
				83C066D72C6A3636007C3A5F /* RecipeListTableViewController.swift */,
				83C066DA2C6A3805007C3A5F /* Cells */,
			);
			path = RecipeListTableViewController;
			sourceTree = "<group>";
		};
		83C066DA2C6A3805007C3A5F /* Cells */ = {
			isa = PBXGroup;
			children = (
				83C066DB2C6A3819007C3A5F /* RecipeListItemCell.swift */,
				83C066DF2C6E39EE007C3A5F /* Storyboard.storyboard */,
			);
			path = Cells;
			sourceTree = "<group>";
		};
		83D30F112C32DB4A00F12D6B /* FavoriteStorage */ = {
			isa = PBXGroup;
			children = (
				83D30F142C32DC9C00F12D6B /* FavoriteStorage.swift */,
				83D30F162C32DCAF00F12D6B /* CoreDataStorage */,
				83D30F172C32DCC000F12D6B /* UserDefaultsStorage(추후구현) */,
			);
			path = FavoriteStorage;
			sourceTree = "<group>";
		};
		83D30F122C32DC6400F12D6B /* EntityMapping */ = {
			isa = PBXGroup;
			children = (
				83D30F1E2C32DE8100F12D6B /* RecipeQueryEntity+mapping.swift */,
			);
			path = EntityMapping;
			sourceTree = "<group>";
		};
		83D30F162C32DCAF00F12D6B /* CoreDataStorage */ = {
			isa = PBXGroup;
			children = (
				83D30F182C32DD1A00F12D6B /* CoreDataFavoriteStorage.swift */,
				83D30F1C2C32DD3F00F12D6B /* EntityMapping */,
			);
			path = CoreDataStorage;
			sourceTree = "<group>";
		};
		83D30F172C32DCC000F12D6B /* UserDefaultsStorage(추후구현) */ = {
			isa = PBXGroup;
			children = (
				83D30F1A2C32DD3200F12D6B /* UserDefaultsFavoriteStorage.swift */,
				83D30F1D2C32DD5100F12D6B /* EntityMapping */,
			);
			name = "UserDefaultsStorage(추후구현)";
			path = "UserDefaultsStorage(추후구현)";
			sourceTree = "<group>";
		};
		83D30F1C2C32DD3F00F12D6B /* EntityMapping */ = {
			isa = PBXGroup;
			children = (
				83D30F202C32DE9A00F12D6B /* FavoriteEntity+mapping.swift */,
			);
			path = EntityMapping;
			sourceTree = "<group>";
		};
		83D30F1D2C32DD5100F12D6B /* EntityMapping */ = {
			isa = PBXGroup;
			children = (
				83D30F222C32DEBB00F12D6B /* FavoriteUDS+mapping.swift */,
			);
			path = EntityMapping;
			sourceTree = "<group>";
		};
		BC3A789F2C4E457B005CF727 /* RecipeList */ = {
			isa = PBXGroup;
			children = (
				BC3A78A02C4E4592005CF727 /* View */,
				BC3A78A12C4E459C005CF727 /* ViewModel */,
			);
			path = RecipeList;
			sourceTree = "<group>";
		};
		BC3A78A02C4E4592005CF727 /* View */ = {
			isa = PBXGroup;
			children = (
				BC3A78A22C4E4606005CF727 /* RecipeListViewController.swift */,
				83C066D62C6A35EA007C3A5F /* RecipeListTableViewController */,
			);
			path = View;
			sourceTree = "<group>";
		};
		BC3A78A12C4E459C005CF727 /* ViewModel */ = {
			isa = PBXGroup;
			children = (
				BC3A78A42C4E4636005CF727 /* RecipeListViewModel.swift */,
				83C066DD2C6A3864007C3A5F /* RecipeListItemViewModel.swift */,
			);
			path = ViewModel;
			sourceTree = "<group>";
		};
		BC5911202C62F72C00D656C3 /* RecipeQuriesListTableViewController */ = {
			isa = PBXGroup;
			children = (
				BC5911222C62F78100D656C3 /* RecipeQuriesListTableViewController.swift */,
				BC5911212C62F76500D656C3 /* Cells */,
			);
			path = RecipeQuriesListTableViewController;
			sourceTree = "<group>";
		};
		BC5911212C62F76500D656C3 /* Cells */ = {
			isa = PBXGroup;
			children = (
				BC5911242C62F7B200D656C3 /* RecipeQuriesListItemCell.swift */,
			);
			path = Cells;
			sourceTree = "<group>";
		};
		BC858A4C2C367D21009B87CF /* Utils */ = {
			isa = PBXGroup;
			children = (
				BCF6BE9E2C4F456000F0B61A /* Inheritances */,
				BCF6BE962C4F44DD00F0B61A /* Extensions */,
				BC858A4D2C367D35009B87CF /* Protocols */,
				BC3A78AC2C4E4E3A005CF727 /* Observable.swift */,
				83C066E12C70E90C007C3A5F /* LoadingIndicator.swift */,
			);
			path = Utils;
			sourceTree = "<group>";
		};
		BC858A4D2C367D35009B87CF /* Protocols */ = {
			isa = PBXGroup;
			children = (
				BC858A4E2C367D4E009B87CF /* StoryboardInstantiable.swift */,
			);
			path = Protocols;
			sourceTree = "<group>";
		};
		BC858A502C368C6E009B87CF /* ViewModel */ = {
			isa = PBXGroup;
			children = (
				BC3A789C2C4E2A83005CF727 /* RecipeMainViewModel.swift */,
				BCF6BEA72C4F4F3700F0B61A /* RecipeMainItemViewModel.swift */,
			);
			path = ViewModel;
			sourceTree = "<group>";
		};
		BC900CDF2C58AAE600DDE22D /* Cache */ = {
			isa = PBXGroup;
			children = (
				BC900CE02C58AB0E00DDE22D /* RecipeImageCache.swift */,
			);
			path = Cache;
			sourceTree = "<group>";
		};
		BC900CE22C58B99E00DDE22D /* RecipeImageStorage */ = {
			isa = PBXGroup;
			children = (
				BC900CE32C58B9CD00DDE22D /* RecipeImageStorage.swift */,
				BC900CE52C58B9E400DDE22D /* CoreDataRecipeImageStorage.swift */,
				BC900CEA2C58D89600DDE22D /* Entity */,
			);
			path = RecipeImageStorage;
			sourceTree = "<group>";
		};
		BC900CEA2C58D89600DDE22D /* Entity */ = {
			isa = PBXGroup;
			children = (
				BC900CEB2C58D8BE00DDE22D /* RecipeImageEntity.swift */,
			);
			path = Entity;
			sourceTree = "<group>";
		};
		BC9783842C911EF800AA092A /* Frameworks */ = {
			isa = PBXGroup;
			children = (
			);
			name = Frameworks;
			sourceTree = "<group>";
		};
		BC9C65892C8A983000B44D75 /* FavoriteRecipeListTableViewController */ = {
			isa = PBXGroup;
			children = (
				BC9C658A2C8A985F00B44D75 /* FavoriteRecipeListTableViewController.swift */,
				BC9C658C2C8A986D00B44D75 /* Cells */,
			);
			path = FavoriteRecipeListTableViewController;
			sourceTree = "<group>";
		};
		BC9C658C2C8A986D00B44D75 /* Cells */ = {
			isa = PBXGroup;
			children = (
				BC9C658D2C8A989300B44D75 /* FavoriteRecipeListItemCell.swift */,
			);
			path = Cells;
			sourceTree = "<group>";
		};
		BC9C65902C8A98E900B44D75 /* ViewModel */ = {
			isa = PBXGroup;
			children = (
				BC9C65912C8A990900B44D75 /* FavoriteRecipeListViewModel.swift */,
			);
			path = ViewModel;
			sourceTree = "<group>";
		};
		BCD975272C25079C0068B902 /* Domain */ = {
			isa = PBXGroup;
			children = (
				BCE0D4C12C292E0900D769DC /* Entities */,
				BCD975292C2507DA0068B902 /* UseCases */,
				BCE0D4C22C292E1F00D769DC /* Interface */,
			);
			path = Domain;
			sourceTree = "<group>";
		};
		BCD975292C2507DA0068B902 /* UseCases */ = {
			isa = PBXGroup;
			children = (
				BCD9752B2C2508400068B902 /* SearchRecipeUseCase.swift */,
				BCD9753A2C2515BA0068B902 /* FetchRecentRecipeQuriesUseCase.swift */,
				BCD9753C2C2515D50068B902 /* RemoveRecentRecipeQuriesUseCase.swift */,
				BC9C657D2C88324800B44D75 /* CheckFavoriteUseCase.swift */,
				BC9C657F2C88475B00B44D75 /* ChangeFavoriteUseCase.swift */,
			);
			path = UseCases;
			sourceTree = "<group>";
		};
		BCD975462C251A2E0068B902 /* DIContainer */ = {
			isa = PBXGroup;
			children = (
				BCD975472C251A5E0068B902 /* AppDIContainer.swift */,
				BC858A532C368FD9009B87CF /* RecipeSceneDIContainer.swift */,
			);
			path = DIContainer;
			sourceTree = "<group>";
		};
		BCD9754B2C251AA60068B902 /* Repository */ = {
			isa = PBXGroup;
			children = (
				BCD975492C251A9D0068B902 /* DefaultRecipeRepository.swift */,
				BCD9754D2C251AEB0068B902 /* DefaultRecipeQueryRepository.swift */,
				BCD9754F2C251B040068B902 /* DefaultFavoriteRepository.swift */,
				BCD975512C251B260068B902 /* DefaultRecipeImageRepository.swift */,
				BCE0D4C72C2938D900D769DC /* Util */,
			);
			path = Repository;
			sourceTree = "<group>";
		};
		BCD9754C2C251AAE0068B902 /* Netrork */ = {
			isa = PBXGroup;
			children = (
				BCD975532C251B650068B902 /* APIEndpoints.swift */,
				BCE0D4D22C294EE100D769DC /* DataMapping */,
			);
			path = Netrork;
			sourceTree = "<group>";
		};
		BCD9755B2C251D470068B902 /* RecipeDetail */ = {
			isa = PBXGroup;
			children = (
				BCD975612C251E070068B902 /* View */,
				BCD975602C251E040068B902 /* ViewModel */,
			);
			path = RecipeDetail;
			sourceTree = "<group>";
		};
		BCD9755D2C251D9F0068B902 /* RecipeQuriesList */ = {
			isa = PBXGroup;
			children = (
				BCD9755F2C251E010068B902 /* View */,
				BCD9755E2C251DFE0068B902 /* ViewModel */,
			);
			path = RecipeQuriesList;
			sourceTree = "<group>";
		};
		BCD9755E2C251DFE0068B902 /* ViewModel */ = {
			isa = PBXGroup;
			children = (
				BCD975662C2523840068B902 /* RecipeQuriesListViewModel.swift */,
				BC5911262C632EB500D656C3 /* RecipeQuriesListItemViewModel.swift */,
			);
			path = ViewModel;
			sourceTree = "<group>";
		};
		BCD9755F2C251E010068B902 /* View */ = {
			isa = PBXGroup;
			children = (
				BCD975622C2523520068B902 /* RecipeQuriesListViewController.swift */,
				BC5911202C62F72C00D656C3 /* RecipeQuriesListTableViewController */,
			);
			path = View;
			sourceTree = "<group>";
		};
		BCD975602C251E040068B902 /* ViewModel */ = {
			isa = PBXGroup;
			children = (
				BCD9756C2C2523C90068B902 /* RecipeDetailViewModel.swift */,
			);
			path = ViewModel;
			sourceTree = "<group>";
		};
		BCD975612C251E070068B902 /* View */ = {
			isa = PBXGroup;
			children = (
				BCD975682C2523AB0068B902 /* RecipeDetailViewController.swift */,
			);
			path = View;
			sourceTree = "<group>";
		};
		BCD975722C2568250068B902 /* Common */ = {
			isa = PBXGroup;
			children = (
				BCD975732C25683F0068B902 /* Cancellable.swift */,
				BC900CED2C58E14A00DDE22D /* String+Extension.swift */,
			);
			path = Common;
			sourceTree = "<group>";
		};
		BCE0D4C02C292DEE00D769DC /* Flow */ = {
			isa = PBXGroup;
			children = (
				BCD975562C251CB90068B902 /* RecipeSearchFlowCoordinator.swift */,
				BCF6BEAC2C51E71C00F0B61A /* FavoriteRecipeFlowCoordinator.swift */,
			);
			path = Flow;
			sourceTree = "<group>";
		};
		BCE0D4C12C292E0900D769DC /* Entities */ = {
			isa = PBXGroup;
			children = (
				BCD975442C251A1B0068B902 /* Recipe.swift */,
				BCD9756E2C2554800068B902 /* RecipeQuery.swift */,
				BCD975702C25557F0068B902 /* RecipeFavorite.swift */,
				83C066D42C625272007C3A5F /* RecipeQueryHistory.swift */,
			);
			path = Entities;
			sourceTree = "<group>";
		};
		BCE0D4C22C292E1F00D769DC /* Interface */ = {
			isa = PBXGroup;
			children = (
				BCE0D4C32C292E2700D769DC /* Repositories */,
			);
			path = Interface;
			sourceTree = "<group>";
		};
		BCE0D4C32C292E2700D769DC /* Repositories */ = {
			isa = PBXGroup;
			children = (
				BCD975302C2508B90068B902 /* RecipeRepository.swift */,
				BCD975322C250E5F0068B902 /* RecipeQueriesRopository.swift */,
				BCD975342C250E7A0068B902 /* FavoriteRepository.swift */,
				BCD975362C2514C90068B902 /* RecipeImageRepository.swift */,
			);
			path = Repositories;
			sourceTree = "<group>";
		};
		BCE0D4C72C2938D900D769DC /* Util */ = {
			isa = PBXGroup;
			children = (
				BCE0D4C82C2938EF00D769DC /* RepositoryTask.swift */,
				83D30F0F2C32D7EC00F12D6B /* ErrorCollection.swift */,
			);
			path = Util;
			sourceTree = "<group>";
		};
		BCE0D4CA2C29435100D769DC /* CoreDataStorage */ = {
			isa = PBXGroup;
			children = (
				BCE0D4CB2C29437B00D769DC /* CoreDataStorage.swift */,
				8396B9672C1DBE36002F2B3F /* CoreDataStorage.xcdatamodeld */,
			);
			path = CoreDataStorage;
			sourceTree = "<group>";
		};
		BCE0D4CD2C2943A800D769DC /* RecipeQueryStorage */ = {
			isa = PBXGroup;
			children = (
				BCE0D4CE2C2943E100D769DC /* RecipeQueryStorage.swift */,
				BCE0D4D02C2943F200D769DC /* CoreDataRecipeQueryStorage.swift */,
				83D30F122C32DC6400F12D6B /* EntityMapping */,
			);
			path = RecipeQueryStorage;
			sourceTree = "<group>";
		};
		BCE0D4D22C294EE100D769DC /* DataMapping */ = {
			isa = PBXGroup;
			children = (
				BCE0D4D32C294F1900D769DC /* RecipeRequestDTO+Mapping.swift */,
				BCE0D4D52C294F2E00D769DC /* RecipeResponseDTO+Mapping.swift */,
			);
			path = DataMapping;
			sourceTree = "<group>";
		};
		BCF6BE962C4F44DD00F0B61A /* Extensions */ = {
			isa = PBXGroup;
			children = (
				BCF6BEAA2C51D44100F0B61A /* UIViewController+addBehaviors.swift */,
				BCF6BE982C4F451F00F0B61A /* UIViewController+navBarSettings.swift */,
				BCF6BE9A2C4F453100F0B61A /* CALayer+addBorder.swift */,
				BCF6BE9C2C4F454E00F0B61A /* UIColor+init.swift */,
				BCCF6DA92C533750008DC47A /* CGSize+scaledSize.swift */,
				BCCBF8D62C92CA0E00A4052F /* UIStackView+setType.swift */,
				BC7792FE2CA0F65200C84C01 /* Double+adjust.swift */,
			);
			path = Extensions;
			sourceTree = "<group>";
		};
		BCF6BE9E2C4F456000F0B61A /* Inheritances */ = {
			isa = PBXGroup;
			children = (
				BCF6BE9F2C4F457200F0B61A /* HorizontalFolderView.swift */,
				BCF6BEB32C51F03F00F0B61A /* CustomTabBarController.swift */,
			);
			path = Inheritances;
			sourceTree = "<group>";
		};
		BCF6BEA12C4F470500F0B61A /* RecipeMainCollectionView */ = {
			isa = PBXGroup;
			children = (
				BCF6BEA22C4F476F00F0B61A /* RecipeMainCollectionViewController.swift */,
				BCF6BEA42C4F478D00F0B61A /* Cells */,
			);
			path = RecipeMainCollectionView;
			sourceTree = "<group>";
		};
		BCF6BEA42C4F478D00F0B61A /* Cells */ = {
			isa = PBXGroup;
			children = (
				BCF6BEA52C4F47AD00F0B61A /* RecipeMainItemCell.swift */,
			);
			path = Cells;
			sourceTree = "<group>";
		};
		BCF6BEA92C51D31900F0B61A /* Behaviors */ = {
			isa = PBXGroup;
			children = (
				BCCF6DA32C520FF6008DC47A /* DefaultNavigationBarBehavior.swift */,
				BCCF6DA72C5218B3008DC47A /* ItemsNavigationBarBehavior.swift */,
				BC900CEF2C5B122800DDE22D /* HideTabBarBehavior.swift */,
				BC900CF12C5B12E100DDE22D /* ShowTabBarBehavior.swift */,
			);
			path = Behaviors;
			sourceTree = "<group>";
		};
		BCF6BEAE2C51E7D200F0B61A /* FavoriteRecipeList */ = {
			isa = PBXGroup;
			children = (
				BCF6BEAF2C51E7EE00F0B61A /* View */,
				BC9C65902C8A98E900B44D75 /* ViewModel */,
			);
			path = FavoriteRecipeList;
			sourceTree = "<group>";
		};
		BCF6BEAF2C51E7EE00F0B61A /* View */ = {
			isa = PBXGroup;
			children = (
				BCF6BEB12C51E81900F0B61A /* FavoriteRecipeListViewController.swift */,
				BC9C65892C8A983000B44D75 /* FavoriteRecipeListTableViewController */,
			);
			path = View;
			sourceTree = "<group>";
		};
/* End PBXGroup section */

/* Begin PBXNativeTarget section */
		8396B95A2C1DBE36002F2B3F /* foodRecipe */ = {
			isa = PBXNativeTarget;
			buildConfigurationList = 8396B9882C1DBE37002F2B3F /* Build configuration list for PBXNativeTarget "foodRecipe" */;
			buildPhases = (
				8396B9572C1DBE36002F2B3F /* Sources */,
				8396B9582C1DBE36002F2B3F /* Frameworks */,
				8396B9592C1DBE36002F2B3F /* Resources */,
			);
			buildRules = (
			);
			dependencies = (
			);
			name = foodRecipe;
			packageProductDependencies = (
				BC9783882C911F6200AA092A /* SnapKit */,
			);
			productName = foodRecipe;
			productReference = 8396B95B2C1DBE36002F2B3F /* foodRecipe.app */;
			productType = "com.apple.product-type.application";
		};
		8396B9732C1DBE37002F2B3F /* foodRecipeTests */ = {
			isa = PBXNativeTarget;
			buildConfigurationList = 8396B98B2C1DBE37002F2B3F /* Build configuration list for PBXNativeTarget "foodRecipeTests" */;
			buildPhases = (
				8396B9702C1DBE37002F2B3F /* Sources */,
				8396B9712C1DBE37002F2B3F /* Frameworks */,
				8396B9722C1DBE37002F2B3F /* Resources */,
			);
			buildRules = (
			);
			dependencies = (
				8396B9762C1DBE37002F2B3F /* PBXTargetDependency */,
			);
			name = foodRecipeTests;
			productName = foodRecipeTests;
			productReference = 8396B9742C1DBE37002F2B3F /* foodRecipeTests.xctest */;
			productType = "com.apple.product-type.bundle.unit-test";
		};
		8396B97D2C1DBE37002F2B3F /* foodRecipeUITests */ = {
			isa = PBXNativeTarget;
			buildConfigurationList = 8396B98E2C1DBE37002F2B3F /* Build configuration list for PBXNativeTarget "foodRecipeUITests" */;
			buildPhases = (
				8396B97A2C1DBE37002F2B3F /* Sources */,
				8396B97B2C1DBE37002F2B3F /* Frameworks */,
				8396B97C2C1DBE37002F2B3F /* Resources */,
			);
			buildRules = (
			);
			dependencies = (
				8396B9802C1DBE37002F2B3F /* PBXTargetDependency */,
			);
			name = foodRecipeUITests;
			productName = foodRecipeUITests;
			productReference = 8396B97E2C1DBE37002F2B3F /* foodRecipeUITests.xctest */;
			productType = "com.apple.product-type.bundle.ui-testing";
		};
/* End PBXNativeTarget section */

/* Begin PBXProject section */
		8396B9532C1DBE36002F2B3F /* Project object */ = {
			isa = PBXProject;
			attributes = {
				BuildIndependentTargetsInParallel = 1;
				LastSwiftUpdateCheck = 1500;
				LastUpgradeCheck = 1500;
				TargetAttributes = {
					8396B95A2C1DBE36002F2B3F = {
						CreatedOnToolsVersion = 15.0.1;
					};
					8396B9732C1DBE37002F2B3F = {
						CreatedOnToolsVersion = 15.0.1;
						TestTargetID = 8396B95A2C1DBE36002F2B3F;
					};
					8396B97D2C1DBE37002F2B3F = {
						CreatedOnToolsVersion = 15.0.1;
						TestTargetID = 8396B95A2C1DBE36002F2B3F;
					};
				};
			};
			buildConfigurationList = 8396B9562C1DBE36002F2B3F /* Build configuration list for PBXProject "foodRecipe" */;
			compatibilityVersion = "Xcode 14.0";
			developmentRegion = en;
			hasScannedForEncodings = 0;
			knownRegions = (
				en,
				Base,
			);
			mainGroup = 8396B9522C1DBE36002F2B3F;
			packageReferences = (
				BC9783872C911F4A00AA092A /* XCRemoteSwiftPackageReference "SnapKit" */,
			);
			productRefGroup = 8396B95C2C1DBE36002F2B3F /* Products */;
			projectDirPath = "";
			projectRoot = "";
			targets = (
				8396B95A2C1DBE36002F2B3F /* foodRecipe */,
				8396B9732C1DBE37002F2B3F /* foodRecipeTests */,
				8396B97D2C1DBE37002F2B3F /* foodRecipeUITests */,
			);
		};
/* End PBXProject section */

/* Begin PBXResourcesBuildPhase section */
		8396B9592C1DBE36002F2B3F /* Resources */ = {
			isa = PBXResourcesBuildPhase;
			buildActionMask = 2147483647;
			files = (
				83C066E02C6E39EE007C3A5F /* Storyboard.storyboard in Resources */,
				8396B96E2C1DBE37002F2B3F /* LaunchScreen.storyboard in Resources */,
				8396B96B2C1DBE37002F2B3F /* Assets.xcassets in Resources */,
			);
			runOnlyForDeploymentPostprocessing = 0;
		};
		8396B9722C1DBE37002F2B3F /* Resources */ = {
			isa = PBXResourcesBuildPhase;
			buildActionMask = 2147483647;
			files = (
			);
			runOnlyForDeploymentPostprocessing = 0;
		};
		8396B97C2C1DBE37002F2B3F /* Resources */ = {
			isa = PBXResourcesBuildPhase;
			buildActionMask = 2147483647;
			files = (
			);
			runOnlyForDeploymentPostprocessing = 0;
		};
/* End PBXResourcesBuildPhase section */

/* Begin PBXSourcesBuildPhase section */
		8396B9572C1DBE36002F2B3F /* Sources */ = {
			isa = PBXSourcesBuildPhase;
			buildActionMask = 2147483647;
			files = (
				BC9C658B2C8A985F00B44D75 /* FavoriteRecipeListTableViewController.swift in Sources */,
				BCD975332C250E5F0068B902 /* RecipeQueriesRopository.swift in Sources */,
				BCD975712C25557F0068B902 /* RecipeFavorite.swift in Sources */,
				BC900CE62C58B9E400DDE22D /* CoreDataRecipeImageStorage.swift in Sources */,
				BC900CEC2C58D8BE00DDE22D /* RecipeImageEntity.swift in Sources */,
				BCE0D4C92C2938EF00D769DC /* RepositoryTask.swift in Sources */,
				BC5911252C62F7B200D656C3 /* RecipeQuriesListItemCell.swift in Sources */,
				BCCBF8D72C92CA0E00A4052F /* UIStackView+setType.swift in Sources */,
				BCF6BE952C4F42C400F0B61A /* RecipeMainView.swift in Sources */,
				83C066DE2C6A3864007C3A5F /* RecipeListItemViewModel.swift in Sources */,
				BCE0D4D62C294F2E00D769DC /* RecipeResponseDTO+Mapping.swift in Sources */,
				BCD975742C25683F0068B902 /* Cancellable.swift in Sources */,
				83D30F212C32DE9A00F12D6B /* FavoriteEntity+mapping.swift in Sources */,
				BC5911232C62F78100D656C3 /* RecipeQuriesListTableViewController.swift in Sources */,
				BCD9756D2C2523C90068B902 /* RecipeDetailViewModel.swift in Sources */,
				BC900CF22C5B12E100DDE22D /* ShowTabBarBehavior.swift in Sources */,
				83D30F152C32DC9C00F12D6B /* FavoriteStorage.swift in Sources */,
				8396B9632C1DBE36002F2B3F /* RecipeMainViewController.swift in Sources */,
				83D30F1B2C32DD3200F12D6B /* UserDefaultsFavoriteStorage.swift in Sources */,
				BCD975372C2514C90068B902 /* RecipeImageRepository.swift in Sources */,
				BCD975542C251B650068B902 /* APIEndpoints.swift in Sources */,
				BCE0D4CC2C29437B00D769DC /* CoreDataStorage.swift in Sources */,
				BC9C658E2C8A989300B44D75 /* FavoriteRecipeListItemCell.swift in Sources */,
				BCF6BEAB2C51D44100F0B61A /* UIViewController+addBehaviors.swift in Sources */,
				BCCF6DAA2C533750008DC47A /* CGSize+scaledSize.swift in Sources */,
				BCD975502C251B040068B902 /* DefaultFavoriteRepository.swift in Sources */,
				BCD9754A2C251A9D0068B902 /* DefaultRecipeRepository.swift in Sources */,
				BCD975312C2508B90068B902 /* RecipeRepository.swift in Sources */,
				BCF6BE992C4F451F00F0B61A /* UIViewController+navBarSettings.swift in Sources */,
				BCF6BEA62C4F47AD00F0B61A /* RecipeMainItemCell.swift in Sources */,
				83C066D52C625272007C3A5F /* RecipeQueryHistory.swift in Sources */,
				BC9C65802C88475B00B44D75 /* ChangeFavoriteUseCase.swift in Sources */,
				BCE0D4D42C294F1900D769DC /* RecipeRequestDTO+Mapping.swift in Sources */,
				BC900CE42C58B9CD00DDE22D /* RecipeImageStorage.swift in Sources */,
				BC900CF02C5B122800DDE22D /* HideTabBarBehavior.swift in Sources */,
				BCF6BEB22C51E81900F0B61A /* FavoriteRecipeListViewController.swift in Sources */,
				BC858A542C368FD9009B87CF /* RecipeSceneDIContainer.swift in Sources */,
				BCD9753D2C2515D50068B902 /* RemoveRecentRecipeQuriesUseCase.swift in Sources */,
				BCF6BEA02C4F457200F0B61A /* HorizontalFolderView.swift in Sources */,
				83C066E42C736187007C3A5F /* RecipeItems.swift in Sources */,
				BCF6BEAD2C51E71C00F0B61A /* FavoriteRecipeFlowCoordinator.swift in Sources */,
				83C066E22C70E90C007C3A5F /* LoadingIndicator.swift in Sources */,
				BC3A789D2C4E2A83005CF727 /* RecipeMainViewModel.swift in Sources */,
				BC5911272C632EB500D656C3 /* RecipeQuriesListItemViewModel.swift in Sources */,
				83D30F192C32DD1A00F12D6B /* CoreDataFavoriteStorage.swift in Sources */,
				BCD975352C250E7A0068B902 /* FavoriteRepository.swift in Sources */,
				BCF6BEB42C51F03F00F0B61A /* CustomTabBarController.swift in Sources */,
				BCD975632C2523520068B902 /* RecipeQuriesListViewController.swift in Sources */,
				83C066D82C6A3636007C3A5F /* RecipeListTableViewController.swift in Sources */,
				BC3A78A32C4E4606005CF727 /* RecipeListViewController.swift in Sources */,
				BCD9753B2C2515BA0068B902 /* FetchRecentRecipeQuriesUseCase.swift in Sources */,
				83C6596E2C2D7B28004227BE /* AppConfigurations.swift in Sources */,
				BC858A4F2C367D4E009B87CF /* StoryboardInstantiable.swift in Sources */,
				BCD9756F2C2554800068B902 /* RecipeQuery.swift in Sources */,
				BCE0D4CF2C2943E100D769DC /* RecipeQueryStorage.swift in Sources */,
				BCCF6DA82C5218B3008DC47A /* ItemsNavigationBarBehavior.swift in Sources */,
				BCF6BE9B2C4F453100F0B61A /* CALayer+addBorder.swift in Sources */,
				83D30F1F2C32DE8100F12D6B /* RecipeQueryEntity+mapping.swift in Sources */,
				BC3A78A52C4E4636005CF727 /* RecipeListViewModel.swift in Sources */,
				BCF6BE9D2C4F454E00F0B61A /* UIColor+init.swift in Sources */,
				BCD975672C2523840068B902 /* RecipeQuriesListViewModel.swift in Sources */,
				BCD9754E2C251AEB0068B902 /* DefaultRecipeQueryRepository.swift in Sources */,
				83C066DC2C6A3819007C3A5F /* RecipeListItemCell.swift in Sources */,
				BC7792FF2CA0F65200C84C01 /* Double+adjust.swift in Sources */,
				BCD975482C251A5E0068B902 /* AppDIContainer.swift in Sources */,
				BCD975572C251CB90068B902 /* RecipeSearchFlowCoordinator.swift in Sources */,
				BC9C657E2C88324800B44D75 /* CheckFavoriteUseCase.swift in Sources */,
				BCE0D4D12C2943F200D769DC /* CoreDataRecipeQueryStorage.swift in Sources */,
				BC9C65922C8A990900B44D75 /* FavoriteRecipeListViewModel.swift in Sources */,
				BCCF6DA42C520FF6008DC47A /* DefaultNavigationBarBehavior.swift in Sources */,
				BCD975692C2523AB0068B902 /* RecipeDetailViewController.swift in Sources */,
				BC900CE12C58AB0E00DDE22D /* RecipeImageCache.swift in Sources */,
				BCF6BEA32C4F476F00F0B61A /* RecipeMainCollectionViewController.swift in Sources */,
				8396B95F2C1DBE36002F2B3F /* AppDelegate.swift in Sources */,
				BC858A522C368DAE009B87CF /* AppFlowCoordinator.swift in Sources */,
				BCD9752C2C2508400068B902 /* SearchRecipeUseCase.swift in Sources */,
				BC900CEE2C58E14A00DDE22D /* String+Extension.swift in Sources */,
				BCF6BEA82C4F4F3700F0B61A /* RecipeMainItemViewModel.swift in Sources */,
				BCD975522C251B260068B902 /* DefaultRecipeImageRepository.swift in Sources */,
				BC3A78AD2C4E4E3A005CF727 /* Observable.swift in Sources */,
				83D30F232C32DEBB00F12D6B /* FavoriteUDS+mapping.swift in Sources */,
				83D30F102C32D7EC00F12D6B /* ErrorCollection.swift in Sources */,
				8396B9692C1DBE36002F2B3F /* CoreDataStorage.xcdatamodeld in Sources */,
				BCD975452C251A1B0068B902 /* Recipe.swift in Sources */,
			);
			runOnlyForDeploymentPostprocessing = 0;
		};
		8396B9702C1DBE37002F2B3F /* Sources */ = {
			isa = PBXSourcesBuildPhase;
			buildActionMask = 2147483647;
			files = (
				8396B9792C1DBE37002F2B3F /* foodRecipeTests.swift in Sources */,
			);
			runOnlyForDeploymentPostprocessing = 0;
		};
		8396B97A2C1DBE37002F2B3F /* Sources */ = {
			isa = PBXSourcesBuildPhase;
			buildActionMask = 2147483647;
			files = (
				8396B9852C1DBE37002F2B3F /* foodRecipeUITestsLaunchTests.swift in Sources */,
				8396B9832C1DBE37002F2B3F /* foodRecipeUITests.swift in Sources */,
			);
			runOnlyForDeploymentPostprocessing = 0;
		};
/* End PBXSourcesBuildPhase section */

/* Begin PBXTargetDependency section */
		8396B9762C1DBE37002F2B3F /* PBXTargetDependency */ = {
			isa = PBXTargetDependency;
			target = 8396B95A2C1DBE36002F2B3F /* foodRecipe */;
			targetProxy = 8396B9752C1DBE37002F2B3F /* PBXContainerItemProxy */;
		};
		8396B9802C1DBE37002F2B3F /* PBXTargetDependency */ = {
			isa = PBXTargetDependency;
			target = 8396B95A2C1DBE36002F2B3F /* foodRecipe */;
			targetProxy = 8396B97F2C1DBE37002F2B3F /* PBXContainerItemProxy */;
		};
/* End PBXTargetDependency section */

/* Begin PBXVariantGroup section */
		8396B96C2C1DBE37002F2B3F /* LaunchScreen.storyboard */ = {
			isa = PBXVariantGroup;
			children = (
				8396B96D2C1DBE37002F2B3F /* Base */,
			);
			name = LaunchScreen.storyboard;
			sourceTree = "<group>";
		};
/* End PBXVariantGroup section */

/* Begin XCBuildConfiguration section */
		8396B9862C1DBE37002F2B3F /* Debug */ = {
			isa = XCBuildConfiguration;
			buildSettings = {
				ALWAYS_SEARCH_USER_PATHS = NO;
				API_BASE_URL = "https://openapi.foodsafetykorea.go.kr/api/";
				API_KEY = 40302191c0db49ad91c7;
				ASSETCATALOG_COMPILER_GENERATE_SWIFT_ASSET_SYMBOL_EXTENSIONS = YES;
				CLANG_ANALYZER_NONNULL = YES;
				CLANG_ANALYZER_NUMBER_OBJECT_CONVERSION = YES_AGGRESSIVE;
				CLANG_CXX_LANGUAGE_STANDARD = "gnu++20";
				CLANG_ENABLE_MODULES = YES;
				CLANG_ENABLE_OBJC_ARC = YES;
				CLANG_ENABLE_OBJC_WEAK = YES;
				CLANG_WARN_BLOCK_CAPTURE_AUTORELEASING = YES;
				CLANG_WARN_BOOL_CONVERSION = YES;
				CLANG_WARN_COMMA = YES;
				CLANG_WARN_CONSTANT_CONVERSION = YES;
				CLANG_WARN_DEPRECATED_OBJC_IMPLEMENTATIONS = YES;
				CLANG_WARN_DIRECT_OBJC_ISA_USAGE = YES_ERROR;
				CLANG_WARN_DOCUMENTATION_COMMENTS = YES;
				CLANG_WARN_EMPTY_BODY = YES;
				CLANG_WARN_ENUM_CONVERSION = YES;
				CLANG_WARN_INFINITE_RECURSION = YES;
				CLANG_WARN_INT_CONVERSION = YES;
				CLANG_WARN_NON_LITERAL_NULL_CONVERSION = YES;
				CLANG_WARN_OBJC_IMPLICIT_RETAIN_SELF = YES;
				CLANG_WARN_OBJC_LITERAL_CONVERSION = YES;
				CLANG_WARN_OBJC_ROOT_CLASS = YES_ERROR;
				CLANG_WARN_QUOTED_INCLUDE_IN_FRAMEWORK_HEADER = YES;
				CLANG_WARN_RANGE_LOOP_ANALYSIS = YES;
				CLANG_WARN_STRICT_PROTOTYPES = YES;
				CLANG_WARN_SUSPICIOUS_MOVE = YES;
				CLANG_WARN_UNGUARDED_AVAILABILITY = YES_AGGRESSIVE;
				CLANG_WARN_UNREACHABLE_CODE = YES;
				CLANG_WARN__DUPLICATE_METHOD_MATCH = YES;
				COPY_PHASE_STRIP = NO;
				DEBUG_INFORMATION_FORMAT = dwarf;
				ENABLE_STRICT_OBJC_MSGSEND = YES;
				ENABLE_TESTABILITY = YES;
				ENABLE_USER_SCRIPT_SANDBOXING = YES;
				GCC_C_LANGUAGE_STANDARD = gnu17;
				GCC_DYNAMIC_NO_PIC = NO;
				GCC_NO_COMMON_BLOCKS = YES;
				GCC_OPTIMIZATION_LEVEL = 0;
				GCC_PREPROCESSOR_DEFINITIONS = (
					"DEBUG=1",
					"$(inherited)",
				);
				GCC_WARN_64_TO_32_BIT_CONVERSION = YES;
				GCC_WARN_ABOUT_RETURN_TYPE = YES_ERROR;
				GCC_WARN_UNDECLARED_SELECTOR = YES;
				GCC_WARN_UNINITIALIZED_AUTOS = YES_AGGRESSIVE;
				GCC_WARN_UNUSED_FUNCTION = YES;
				GCC_WARN_UNUSED_VARIABLE = YES;
				IPHONEOS_DEPLOYMENT_TARGET = 17.0;
				LOCALIZATION_PREFERS_STRING_CATALOGS = YES;
				MTL_ENABLE_DEBUG_INFO = INCLUDE_SOURCE;
				MTL_FAST_MATH = YES;
				ONLY_ACTIVE_ARCH = YES;
				SDKROOT = iphoneos;
				SWIFT_ACTIVE_COMPILATION_CONDITIONS = "DEBUG $(inherited)";
				SWIFT_OPTIMIZATION_LEVEL = "-Onone";
			};
			name = Debug;
		};
		8396B9872C1DBE37002F2B3F /* Release */ = {
			isa = XCBuildConfiguration;
			buildSettings = {
				ALWAYS_SEARCH_USER_PATHS = NO;
				API_BASE_URL = "https://openapi.foodsafetykorea.go.kr/api/";
				API_KEY = 40302191c0db49ad91c7;
				ASSETCATALOG_COMPILER_GENERATE_SWIFT_ASSET_SYMBOL_EXTENSIONS = YES;
				CLANG_ANALYZER_NONNULL = YES;
				CLANG_ANALYZER_NUMBER_OBJECT_CONVERSION = YES_AGGRESSIVE;
				CLANG_CXX_LANGUAGE_STANDARD = "gnu++20";
				CLANG_ENABLE_MODULES = YES;
				CLANG_ENABLE_OBJC_ARC = YES;
				CLANG_ENABLE_OBJC_WEAK = YES;
				CLANG_WARN_BLOCK_CAPTURE_AUTORELEASING = YES;
				CLANG_WARN_BOOL_CONVERSION = YES;
				CLANG_WARN_COMMA = YES;
				CLANG_WARN_CONSTANT_CONVERSION = YES;
				CLANG_WARN_DEPRECATED_OBJC_IMPLEMENTATIONS = YES;
				CLANG_WARN_DIRECT_OBJC_ISA_USAGE = YES_ERROR;
				CLANG_WARN_DOCUMENTATION_COMMENTS = YES;
				CLANG_WARN_EMPTY_BODY = YES;
				CLANG_WARN_ENUM_CONVERSION = YES;
				CLANG_WARN_INFINITE_RECURSION = YES;
				CLANG_WARN_INT_CONVERSION = YES;
				CLANG_WARN_NON_LITERAL_NULL_CONVERSION = YES;
				CLANG_WARN_OBJC_IMPLICIT_RETAIN_SELF = YES;
				CLANG_WARN_OBJC_LITERAL_CONVERSION = YES;
				CLANG_WARN_OBJC_ROOT_CLASS = YES_ERROR;
				CLANG_WARN_QUOTED_INCLUDE_IN_FRAMEWORK_HEADER = YES;
				CLANG_WARN_RANGE_LOOP_ANALYSIS = YES;
				CLANG_WARN_STRICT_PROTOTYPES = YES;
				CLANG_WARN_SUSPICIOUS_MOVE = YES;
				CLANG_WARN_UNGUARDED_AVAILABILITY = YES_AGGRESSIVE;
				CLANG_WARN_UNREACHABLE_CODE = YES;
				CLANG_WARN__DUPLICATE_METHOD_MATCH = YES;
				COPY_PHASE_STRIP = NO;
				DEBUG_INFORMATION_FORMAT = "dwarf-with-dsym";
				ENABLE_NS_ASSERTIONS = NO;
				ENABLE_STRICT_OBJC_MSGSEND = YES;
				ENABLE_USER_SCRIPT_SANDBOXING = YES;
				GCC_C_LANGUAGE_STANDARD = gnu17;
				GCC_NO_COMMON_BLOCKS = YES;
				GCC_WARN_64_TO_32_BIT_CONVERSION = YES;
				GCC_WARN_ABOUT_RETURN_TYPE = YES_ERROR;
				GCC_WARN_UNDECLARED_SELECTOR = YES;
				GCC_WARN_UNINITIALIZED_AUTOS = YES_AGGRESSIVE;
				GCC_WARN_UNUSED_FUNCTION = YES;
				GCC_WARN_UNUSED_VARIABLE = YES;
				IPHONEOS_DEPLOYMENT_TARGET = 17.0;
				LOCALIZATION_PREFERS_STRING_CATALOGS = YES;
				MTL_ENABLE_DEBUG_INFO = NO;
				MTL_FAST_MATH = YES;
				SDKROOT = iphoneos;
				SWIFT_COMPILATION_MODE = wholemodule;
				VALIDATE_PRODUCT = YES;
			};
			name = Release;
		};
		8396B9892C1DBE37002F2B3F /* Debug */ = {
			isa = XCBuildConfiguration;
			buildSettings = {
				ASSETCATALOG_COMPILER_APPICON_NAME = AppIcon;
				ASSETCATALOG_COMPILER_GLOBAL_ACCENT_COLOR_NAME = AccentColor;
				"CODE_SIGN_IDENTITY[sdk=iphoneos*]" = "iPhone Developer";
				CODE_SIGN_STYLE = Manual;
				CURRENT_PROJECT_VERSION = 1;
				DEVELOPMENT_TEAM = "";
				"DEVELOPMENT_TEAM[sdk=iphoneos*]" = TV24D3P64X;
				GENERATE_INFOPLIST_FILE = YES;
				INFOPLIST_FILE = foodRecipe/Resources/Info.plist;
				INFOPLIST_KEY_UIApplicationSupportsIndirectInputEvents = YES;
				INFOPLIST_KEY_UILaunchStoryboardName = LaunchScreen;
				INFOPLIST_KEY_UISupportedInterfaceOrientations_iPad = "UIInterfaceOrientationPortrait UIInterfaceOrientationPortraitUpsideDown UIInterfaceOrientationLandscapeLeft UIInterfaceOrientationLandscapeRight";
				INFOPLIST_KEY_UISupportedInterfaceOrientations_iPhone = "UIInterfaceOrientationPortrait UIInterfaceOrientationLandscapeLeft UIInterfaceOrientationLandscapeRight";
				IPHONEOS_DEPLOYMENT_TARGET = 13.0;
				LD_RUNPATH_SEARCH_PATHS = (
					"$(inherited)",
					"@executable_path/Frameworks",
				);
				MARKETING_VERSION = 1.0;
				PRODUCT_BUNDLE_IDENTIFIER = com.haram.foodRecipe;
				PRODUCT_NAME = "$(TARGET_NAME)";
				PROVISIONING_PROFILE_SPECIFIER = "";
				"PROVISIONING_PROFILE_SPECIFIER[sdk=iphoneos*]" = foodRecipe_dev;
				SWIFT_EMIT_LOC_STRINGS = YES;
				SWIFT_VERSION = 5.0;
				TARGETED_DEVICE_FAMILY = "1,2";
			};
			name = Debug;
		};
		8396B98A2C1DBE37002F2B3F /* Release */ = {
			isa = XCBuildConfiguration;
			buildSettings = {
				ASSETCATALOG_COMPILER_APPICON_NAME = AppIcon;
				ASSETCATALOG_COMPILER_GLOBAL_ACCENT_COLOR_NAME = AccentColor;
				"CODE_SIGN_IDENTITY[sdk=iphoneos*]" = "iPhone Developer";
				CODE_SIGN_STYLE = Manual;
				CURRENT_PROJECT_VERSION = 1;
				DEVELOPMENT_TEAM = "";
				"DEVELOPMENT_TEAM[sdk=iphoneos*]" = TV24D3P64X;
				GENERATE_INFOPLIST_FILE = YES;
				INFOPLIST_FILE = foodRecipe/Resources/Info.plist;
				INFOPLIST_KEY_UIApplicationSupportsIndirectInputEvents = YES;
				INFOPLIST_KEY_UILaunchStoryboardName = LaunchScreen;
				INFOPLIST_KEY_UISupportedInterfaceOrientations_iPad = "UIInterfaceOrientationPortrait UIInterfaceOrientationPortraitUpsideDown UIInterfaceOrientationLandscapeLeft UIInterfaceOrientationLandscapeRight";
				INFOPLIST_KEY_UISupportedInterfaceOrientations_iPhone = "UIInterfaceOrientationPortrait UIInterfaceOrientationLandscapeLeft UIInterfaceOrientationLandscapeRight";
				IPHONEOS_DEPLOYMENT_TARGET = 13.0;
				LD_RUNPATH_SEARCH_PATHS = (
					"$(inherited)",
					"@executable_path/Frameworks",
				);
				MARKETING_VERSION = 1.0;
				PRODUCT_BUNDLE_IDENTIFIER = com.haram.foodRecipe;
				PRODUCT_NAME = "$(TARGET_NAME)";
				PROVISIONING_PROFILE_SPECIFIER = "";
				"PROVISIONING_PROFILE_SPECIFIER[sdk=iphoneos*]" = foodRecipe_dev;
				SWIFT_EMIT_LOC_STRINGS = YES;
				SWIFT_VERSION = 5.0;
				TARGETED_DEVICE_FAMILY = "1,2";
			};
			name = Release;
		};
		8396B98C2C1DBE37002F2B3F /* Debug */ = {
			isa = XCBuildConfiguration;
			buildSettings = {
				ALWAYS_EMBED_SWIFT_STANDARD_LIBRARIES = YES;
				BUNDLE_LOADER = "$(TEST_HOST)";
				CODE_SIGN_STYLE = Automatic;
				CURRENT_PROJECT_VERSION = 1;
				DEVELOPMENT_TEAM = TV24D3P64X;
				GENERATE_INFOPLIST_FILE = YES;
				IPHONEOS_DEPLOYMENT_TARGET = 17.0;
				MARKETING_VERSION = 1.0;
				PRODUCT_BUNDLE_IDENTIFIER = com.haram.foodRecipeTests;
				PRODUCT_NAME = "$(TARGET_NAME)";
				SWIFT_EMIT_LOC_STRINGS = NO;
				SWIFT_VERSION = 5.0;
				TARGETED_DEVICE_FAMILY = "1,2";
				TEST_HOST = "$(BUILT_PRODUCTS_DIR)/foodRecipe.app/$(BUNDLE_EXECUTABLE_FOLDER_PATH)/foodRecipe";
			};
			name = Debug;
		};
		8396B98D2C1DBE37002F2B3F /* Release */ = {
			isa = XCBuildConfiguration;
			buildSettings = {
				ALWAYS_EMBED_SWIFT_STANDARD_LIBRARIES = YES;
				BUNDLE_LOADER = "$(TEST_HOST)";
				CODE_SIGN_STYLE = Automatic;
				CURRENT_PROJECT_VERSION = 1;
				DEVELOPMENT_TEAM = TV24D3P64X;
				GENERATE_INFOPLIST_FILE = YES;
				IPHONEOS_DEPLOYMENT_TARGET = 17.0;
				MARKETING_VERSION = 1.0;
				PRODUCT_BUNDLE_IDENTIFIER = com.haram.foodRecipeTests;
				PRODUCT_NAME = "$(TARGET_NAME)";
				SWIFT_EMIT_LOC_STRINGS = NO;
				SWIFT_VERSION = 5.0;
				TARGETED_DEVICE_FAMILY = "1,2";
				TEST_HOST = "$(BUILT_PRODUCTS_DIR)/foodRecipe.app/$(BUNDLE_EXECUTABLE_FOLDER_PATH)/foodRecipe";
			};
			name = Release;
		};
		8396B98F2C1DBE37002F2B3F /* Debug */ = {
			isa = XCBuildConfiguration;
			buildSettings = {
				ALWAYS_EMBED_SWIFT_STANDARD_LIBRARIES = YES;
				CODE_SIGN_STYLE = Automatic;
				CURRENT_PROJECT_VERSION = 1;
				DEVELOPMENT_TEAM = TV24D3P64X;
				GENERATE_INFOPLIST_FILE = YES;
				MARKETING_VERSION = 1.0;
				PRODUCT_BUNDLE_IDENTIFIER = com.haram.foodRecipeUITests;
				PRODUCT_NAME = "$(TARGET_NAME)";
				SWIFT_EMIT_LOC_STRINGS = NO;
				SWIFT_VERSION = 5.0;
				TARGETED_DEVICE_FAMILY = "1,2";
				TEST_TARGET_NAME = foodRecipe;
			};
			name = Debug;
		};
		8396B9902C1DBE37002F2B3F /* Release */ = {
			isa = XCBuildConfiguration;
			buildSettings = {
				ALWAYS_EMBED_SWIFT_STANDARD_LIBRARIES = YES;
				CODE_SIGN_STYLE = Automatic;
				CURRENT_PROJECT_VERSION = 1;
				DEVELOPMENT_TEAM = TV24D3P64X;
				GENERATE_INFOPLIST_FILE = YES;
				MARKETING_VERSION = 1.0;
				PRODUCT_BUNDLE_IDENTIFIER = com.haram.foodRecipeUITests;
				PRODUCT_NAME = "$(TARGET_NAME)";
				SWIFT_EMIT_LOC_STRINGS = NO;
				SWIFT_VERSION = 5.0;
				TARGETED_DEVICE_FAMILY = "1,2";
				TEST_TARGET_NAME = foodRecipe;
			};
			name = Release;
		};
/* End XCBuildConfiguration section */

/* Begin XCConfigurationList section */
		8396B9562C1DBE36002F2B3F /* Build configuration list for PBXProject "foodRecipe" */ = {
			isa = XCConfigurationList;
			buildConfigurations = (
				8396B9862C1DBE37002F2B3F /* Debug */,
				8396B9872C1DBE37002F2B3F /* Release */,
			);
			defaultConfigurationIsVisible = 0;
			defaultConfigurationName = Release;
		};
		8396B9882C1DBE37002F2B3F /* Build configuration list for PBXNativeTarget "foodRecipe" */ = {
			isa = XCConfigurationList;
			buildConfigurations = (
				8396B9892C1DBE37002F2B3F /* Debug */,
				8396B98A2C1DBE37002F2B3F /* Release */,
			);
			defaultConfigurationIsVisible = 0;
			defaultConfigurationName = Release;
		};
		8396B98B2C1DBE37002F2B3F /* Build configuration list for PBXNativeTarget "foodRecipeTests" */ = {
			isa = XCConfigurationList;
			buildConfigurations = (
				8396B98C2C1DBE37002F2B3F /* Debug */,
				8396B98D2C1DBE37002F2B3F /* Release */,
			);
			defaultConfigurationIsVisible = 0;
			defaultConfigurationName = Release;
		};
		8396B98E2C1DBE37002F2B3F /* Build configuration list for PBXNativeTarget "foodRecipeUITests" */ = {
			isa = XCConfigurationList;
			buildConfigurations = (
				8396B98F2C1DBE37002F2B3F /* Debug */,
				8396B9902C1DBE37002F2B3F /* Release */,
			);
			defaultConfigurationIsVisible = 0;
			defaultConfigurationName = Release;
		};
/* End XCConfigurationList section */

/* Begin XCRemoteSwiftPackageReference section */
		BC9783872C911F4A00AA092A /* XCRemoteSwiftPackageReference "SnapKit" */ = {
			isa = XCRemoteSwiftPackageReference;
			repositoryURL = "https://github.com/SnapKit/SnapKit.git";
			requirement = {
				kind = upToNextMajorVersion;
				minimumVersion = 5.6.1;
			};
		};
/* End XCRemoteSwiftPackageReference section */

/* Begin XCSwiftPackageProductDependency section */
		BC9783882C911F6200AA092A /* SnapKit */ = {
			isa = XCSwiftPackageProductDependency;
			package = BC9783872C911F4A00AA092A /* XCRemoteSwiftPackageReference "SnapKit" */;
			productName = SnapKit;
		};
/* End XCSwiftPackageProductDependency section */

/* Begin XCVersionGroup section */
		8396B9672C1DBE36002F2B3F /* CoreDataStorage.xcdatamodeld */ = {
			isa = XCVersionGroup;
			children = (
				8396B9682C1DBE36002F2B3F /* foodRecipe.xcdatamodel */,
			);
			currentVersion = 8396B9682C1DBE36002F2B3F /* foodRecipe.xcdatamodel */;
			path = CoreDataStorage.xcdatamodeld;
			sourceTree = "<group>";
			versionGroupType = wrapper.xcdatamodel;
		};
/* End XCVersionGroup section */
	};
	rootObject = 8396B9532C1DBE36002F2B3F /* Project object */;
}
